
Microsoft Visual Studio Solution File, Format Version 12.00
# Visual Studio 14
VisualStudioVersion = 14.0.25420.1
MinimumVisualStudioVersion = 10.0.40219.1
Project("{FAE04EC0-301F-11D3-BF4B-00C04F79EFBC}") = "CAMAcademyApp", "CAMAcademyApp\CAMAcademyApp\CAMAcademyApp.csproj", "{40AE9AA5-8309-492D-BEE1-F882581C7AD0}"
EndProject
Project("{FAE04EC0-301F-11D3-BF4B-00C04F79EFBC}") = "CAMAcademyApp.Droid", "CAMAcademyApp\CAMAcademyApp.Droid\CAMAcademyApp.Droid.csproj", "{8ED8B3EB-E5C8-404F-88D6-41FA5067601D}"
EndProject
Project("{FAE04EC0-301F-11D3-BF4B-00C04F79EFBC}") = "CAMAcademyApp.iOS", "CAMAcademyApp\CAMAcademyApp.iOS\CAMAcademyApp.iOS.csproj", "{79E69746-A334-47D8-A54C-BBE5737C623C}"
EndProject
Project("{FAE04EC0-301F-11D3-BF4B-00C04F79EFBC}") = "CAMAcademyApp.WinPhone", "CAMAcademyApp\CAMAcademyApp.WinPhone\CAMAcademyApp.WinPhone.csproj", "{BB7BF6EC-F52E-469C-93F7-F5DECE7F092E}"
EndProject
Project("{FAE04EC0-301F-11D3-BF4B-00C04F79EFBC}") = "CAMAcademyApp.UWP", "CAMAcademyApp\CAMAcademyApp.UWP\CAMAcademyApp.UWP.csproj", "{ED483403-B886-4808-90B9-75DFF9505057}"
EndProject
Project("{FAE04EC0-301F-11D3-BF4B-00C04F79EFBC}") = "CAMAcademyApp.Windows", "CAMAcademyApp\CAMAcademyApp.Windows\CAMAcademyApp.Windows.csproj", "{DAA0AAB6-D18E-4976-ABD8-5E6F9B132934}"
EndProject
Global
	GlobalSection(SolutionConfigurationPlatforms) = preSolution
		Ad-Hoc|Any CPU = Ad-Hoc|Any CPU
		Ad-Hoc|ARM = Ad-Hoc|ARM
		Ad-Hoc|iPhone = Ad-Hoc|iPhone
		Ad-Hoc|iPhoneSimulator = Ad-Hoc|iPhoneSimulator
		Ad-Hoc|x64 = Ad-Hoc|x64
		Ad-Hoc|x86 = Ad-Hoc|x86
		AppStore|Any CPU = AppStore|Any CPU
		AppStore|ARM = AppStore|ARM
		AppStore|iPhone = AppStore|iPhone
		AppStore|iPhoneSimulator = AppStore|iPhoneSimulator
		AppStore|x64 = AppStore|x64
		AppStore|x86 = AppStore|x86
		Debug|Any CPU = Debug|Any CPU
		Debug|ARM = Debug|ARM
		Debug|iPhone = Debug|iPhone
		Debug|iPhoneSimulator = Debug|iPhoneSimulator
		Debug|x64 = Debug|x64
		Debug|x86 = Debug|x86
		Release|Any CPU = Release|Any CPU
		Release|ARM = Release|ARM
		Release|iPhone = Release|iPhone
		Release|iPhoneSimulator = Release|iPhoneSimulator
		Release|x64 = Release|x64
		Release|x86 = Release|x86
	EndGlobalSection
	GlobalSection(ProjectConfigurationPlatforms) = postSolution
		{40AE9AA5-8309-492D-BEE1-F882581C7AD0}.Ad-Hoc|Any CPU.ActiveCfg = Release|Any CPU
		{40AE9AA5-8309-492D-BEE1-F882581C7AD0}.Ad-Hoc|Any CPU.Build.0 = Release|Any CPU
		{40AE9AA5-8309-492D-BEE1-F882581C7AD0}.Ad-Hoc|ARM.ActiveCfg = Release|Any CPU
		{40AE9AA5-8309-492D-BEE1-F882581C7AD0}.Ad-Hoc|ARM.Build.0 = Release|Any CPU
		{40AE9AA5-8309-492D-BEE1-F882581C7AD0}.Ad-Hoc|iPhone.ActiveCfg = Release|Any CPU
		{40AE9AA5-8309-492D-BEE1-F882581C7AD0}.Ad-Hoc|iPhone.Build.0 = Release|Any CPU
		{40AE9AA5-8309-492D-BEE1-F882581C7AD0}.Ad-Hoc|iPhoneSimulator.ActiveCfg = Release|Any CPU
		{40AE9AA5-8309-492D-BEE1-F882581C7AD0}.Ad-Hoc|iPhoneSimulator.Build.0 = Release|Any CPU
		{40AE9AA5-8309-492D-BEE1-F882581C7AD0}.Ad-Hoc|x64.ActiveCfg = Release|Any CPU
		{40AE9AA5-8309-492D-BEE1-F882581C7AD0}.Ad-Hoc|x64.Build.0 = Release|Any CPU
		{40AE9AA5-8309-492D-BEE1-F882581C7AD0}.Ad-Hoc|x86.ActiveCfg = Release|Any CPU
		{40AE9AA5-8309-492D-BEE1-F882581C7AD0}.Ad-Hoc|x86.Build.0 = Release|Any CPU
		{40AE9AA5-8309-492D-BEE1-F882581C7AD0}.AppStore|Any CPU.ActiveCfg = Release|Any CPU
		{40AE9AA5-8309-492D-BEE1-F882581C7AD0}.AppStore|Any CPU.Build.0 = Release|Any CPU
		{40AE9AA5-8309-492D-BEE1-F882581C7AD0}.AppStore|ARM.ActiveCfg = Release|Any CPU
		{40AE9AA5-8309-492D-BEE1-F882581C7AD0}.AppStore|ARM.Build.0 = Release|Any CPU
		{40AE9AA5-8309-492D-BEE1-F882581C7AD0}.AppStore|iPhone.ActiveCfg = Release|Any CPU
		{40AE9AA5-8309-492D-BEE1-F882581C7AD0}.AppStore|iPhone.Build.0 = Release|Any CPU
		{40AE9AA5-8309-492D-BEE1-F882581C7AD0}.AppStore|iPhoneSimulator.ActiveCfg = Release|Any CPU
		{40AE9AA5-8309-492D-BEE1-F882581C7AD0}.AppStore|iPhoneSimulator.Build.0 = Release|Any CPU
		{40AE9AA5-8309-492D-BEE1-F882581C7AD0}.AppStore|x64.ActiveCfg = Release|Any CPU
		{40AE9AA5-8309-492D-BEE1-F882581C7AD0}.AppStore|x64.Build.0 = Release|Any CPU
		{40AE9AA5-8309-492D-BEE1-F882581C7AD0}.AppStore|x86.ActiveCfg = Release|Any CPU
		{40AE9AA5-8309-492D-BEE1-F882581C7AD0}.AppStore|x86.Build.0 = Release|Any CPU
		{40AE9AA5-8309-492D-BEE1-F882581C7AD0}.Debug|Any CPU.ActiveCfg = Debug|Any CPU
		{40AE9AA5-8309-492D-BEE1-F882581C7AD0}.Debug|Any CPU.Build.0 = Debug|Any CPU
		{40AE9AA5-8309-492D-BEE1-F882581C7AD0}.Debug|ARM.ActiveCfg = Debug|Any CPU
		{40AE9AA5-8309-492D-BEE1-F882581C7AD0}.Debug|ARM.Build.0 = Debug|Any CPU
		{40AE9AA5-8309-492D-BEE1-F882581C7AD0}.Debug|iPhone.ActiveCfg = Debug|Any CPU
		{40AE9AA5-8309-492D-BEE1-F882581C7AD0}.Debug|iPhone.Build.0 = Debug|Any CPU
		{40AE9AA5-8309-492D-BEE1-F882581C7AD0}.Debug|iPhoneSimulator.ActiveCfg = Debug|Any CPU
		{40AE9AA5-8309-492D-BEE1-F882581C7AD0}.Debug|iPhoneSimulator.Build.0 = Debug|Any CPU
		{40AE9AA5-8309-492D-BEE1-F882581C7AD0}.Debug|x64.ActiveCfg = Debug|Any CPU
		{40AE9AA5-8309-492D-BEE1-F882581C7AD0}.Debug|x64.Build.0 = Debug|Any CPU
		{40AE9AA5-8309-492D-BEE1-F882581C7AD0}.Debug|x86.ActiveCfg = Debug|Any CPU
		{40AE9AA5-8309-492D-BEE1-F882581C7AD0}.Debug|x86.Build.0 = Debug|Any CPU
		{40AE9AA5-8309-492D-BEE1-F882581C7AD0}.Release|Any CPU.ActiveCfg = Release|Any CPU
		{40AE9AA5-8309-492D-BEE1-F882581C7AD0}.Release|Any CPU.Build.0 = Release|Any CPU
		{40AE9AA5-8309-492D-BEE1-F882581C7AD0}.Release|ARM.ActiveCfg = Release|Any CPU
		{40AE9AA5-8309-492D-BEE1-F882581C7AD0}.Release|ARM.Build.0 = Release|Any CPU
		{40AE9AA5-8309-492D-BEE1-F882581C7AD0}.Release|iPhone.ActiveCfg = Release|Any CPU
		{40AE9AA5-8309-492D-BEE1-F882581C7AD0}.Release|iPhone.Build.0 = Release|Any CPU
		{40AE9AA5-8309-492D-BEE1-F882581C7AD0}.Release|iPhoneSimulator.ActiveCfg = Release|Any CPU
		{40AE9AA5-8309-492D-BEE1-F882581C7AD0}.Release|iPhoneSimulator.Build.0 = Release|Any CPU
		{40AE9AA5-8309-492D-BEE1-F882581C7AD0}.Release|x64.ActiveCfg = Release|Any CPU
		{40AE9AA5-8309-492D-BEE1-F882581C7AD0}.Release|x64.Build.0 = Release|Any CPU
		{40AE9AA5-8309-492D-BEE1-F882581C7AD0}.Release|x86.ActiveCfg = Release|Any CPU
		{40AE9AA5-8309-492D-BEE1-F882581C7AD0}.Release|x86.Build.0 = Release|Any CPU
		{8ED8B3EB-E5C8-404F-88D6-41FA5067601D}.Ad-Hoc|Any CPU.ActiveCfg = Release|Any CPU
		{8ED8B3EB-E5C8-404F-88D6-41FA5067601D}.Ad-Hoc|Any CPU.Build.0 = Release|Any CPU
		{8ED8B3EB-E5C8-404F-88D6-41FA5067601D}.Ad-Hoc|Any CPU.Deploy.0 = Release|Any CPU
		{8ED8B3EB-E5C8-404F-88D6-41FA5067601D}.Ad-Hoc|ARM.ActiveCfg = Release|Any CPU
		{8ED8B3EB-E5C8-404F-88D6-41FA5067601D}.Ad-Hoc|ARM.Build.0 = Release|Any CPU
		{8ED8B3EB-E5C8-404F-88D6-41FA5067601D}.Ad-Hoc|ARM.Deploy.0 = Release|Any CPU
		{8ED8B3EB-E5C8-404F-88D6-41FA5067601D}.Ad-Hoc|iPhone.ActiveCfg = Release|Any CPU
		{8ED8B3EB-E5C8-404F-88D6-41FA5067601D}.Ad-Hoc|iPhone.Build.0 = Release|Any CPU
		{8ED8B3EB-E5C8-404F-88D6-41FA5067601D}.Ad-Hoc|iPhone.Deploy.0 = Release|Any CPU
		{8ED8B3EB-E5C8-404F-88D6-41FA5067601D}.Ad-Hoc|iPhoneSimulator.ActiveCfg = Release|Any CPU
		{8ED8B3EB-E5C8-404F-88D6-41FA5067601D}.Ad-Hoc|iPhoneSimulator.Build.0 = Release|Any CPU
		{8ED8B3EB-E5C8-404F-88D6-41FA5067601D}.Ad-Hoc|iPhoneSimulator.Deploy.0 = Release|Any CPU
		{8ED8B3EB-E5C8-404F-88D6-41FA5067601D}.Ad-Hoc|x64.ActiveCfg = Release|Any CPU
		{8ED8B3EB-E5C8-404F-88D6-41FA5067601D}.Ad-Hoc|x64.Build.0 = Release|Any CPU
		{8ED8B3EB-E5C8-404F-88D6-41FA5067601D}.Ad-Hoc|x64.Deploy.0 = Release|Any CPU
		{8ED8B3EB-E5C8-404F-88D6-41FA5067601D}.Ad-Hoc|x86.ActiveCfg = Release|Any CPU
		{8ED8B3EB-E5C8-404F-88D6-41FA5067601D}.Ad-Hoc|x86.Build.0 = Release|Any CPU
		{8ED8B3EB-E5C8-404F-88D6-41FA5067601D}.Ad-Hoc|x86.Deploy.0 = Release|Any CPU
		{8ED8B3EB-E5C8-404F-88D6-41FA5067601D}.AppStore|Any CPU.ActiveCfg = Release|Any CPU
		{8ED8B3EB-E5C8-404F-88D6-41FA5067601D}.AppStore|Any CPU.Build.0 = Release|Any CPU
		{8ED8B3EB-E5C8-404F-88D6-41FA5067601D}.AppStore|Any CPU.Deploy.0 = Release|Any CPU
		{8ED8B3EB-E5C8-404F-88D6-41FA5067601D}.AppStore|ARM.ActiveCfg = Release|Any CPU
		{8ED8B3EB-E5C8-404F-88D6-41FA5067601D}.AppStore|ARM.Build.0 = Release|Any CPU
		{8ED8B3EB-E5C8-404F-88D6-41FA5067601D}.AppStore|ARM.Deploy.0 = Release|Any CPU
		{8ED8B3EB-E5C8-404F-88D6-41FA5067601D}.AppStore|iPhone.ActiveCfg = Release|Any CPU
		{8ED8B3EB-E5C8-404F-88D6-41FA5067601D}.AppStore|iPhone.Build.0 = Release|Any CPU
		{8ED8B3EB-E5C8-404F-88D6-41FA5067601D}.AppStore|iPhone.Deploy.0 = Release|Any CPU
		{8ED8B3EB-E5C8-404F-88D6-41FA5067601D}.AppStore|iPhoneSimulator.ActiveCfg = Release|Any CPU
		{8ED8B3EB-E5C8-404F-88D6-41FA5067601D}.AppStore|iPhoneSimulator.Build.0 = Release|Any CPU
		{8ED8B3EB-E5C8-404F-88D6-41FA5067601D}.AppStore|iPhoneSimulator.Deploy.0 = Release|Any CPU
		{8ED8B3EB-E5C8-404F-88D6-41FA5067601D}.AppStore|x64.ActiveCfg = Release|Any CPU
		{8ED8B3EB-E5C8-404F-88D6-41FA5067601D}.AppStore|x64.Build.0 = Release|Any CPU
		{8ED8B3EB-E5C8-404F-88D6-41FA5067601D}.AppStore|x64.Deploy.0 = Release|Any CPU
		{8ED8B3EB-E5C8-404F-88D6-41FA5067601D}.AppStore|x86.ActiveCfg = Release|Any CPU
		{8ED8B3EB-E5C8-404F-88D6-41FA5067601D}.AppStore|x86.Build.0 = Release|Any CPU
		{8ED8B3EB-E5C8-404F-88D6-41FA5067601D}.AppStore|x86.Deploy.0 = Release|Any CPU
		{8ED8B3EB-E5C8-404F-88D6-41FA5067601D}.Debug|Any CPU.ActiveCfg = Debug|Any CPU
		{8ED8B3EB-E5C8-404F-88D6-41FA5067601D}.Debug|Any CPU.Build.0 = Debug|Any CPU
		{8ED8B3EB-E5C8-404F-88D6-41FA5067601D}.Debug|Any CPU.Deploy.0 = Debug|Any CPU
		{8ED8B3EB-E5C8-404F-88D6-41FA5067601D}.Debug|ARM.ActiveCfg = Debug|Any CPU
		{8ED8B3EB-E5C8-404F-88D6-41FA5067601D}.Debug|ARM.Build.0 = Debug|Any CPU
		{8ED8B3EB-E5C8-404F-88D6-41FA5067601D}.Debug|ARM.Deploy.0 = Debug|Any CPU
		{8ED8B3EB-E5C8-404F-88D6-41FA5067601D}.Debug|iPhone.ActiveCfg = Debug|Any CPU
		{8ED8B3EB-E5C8-404F-88D6-41FA5067601D}.Debug|iPhone.Build.0 = Debug|Any CPU
		{8ED8B3EB-E5C8-404F-88D6-41FA5067601D}.Debug|iPhone.Deploy.0 = Debug|Any CPU
		{8ED8B3EB-E5C8-404F-88D6-41FA5067601D}.Debug|iPhoneSimulator.ActiveCfg = Debug|Any CPU
		{8ED8B3EB-E5C8-404F-88D6-41FA5067601D}.Debug|iPhoneSimulator.Build.0 = Debug|Any CPU
		{8ED8B3EB-E5C8-404F-88D6-41FA5067601D}.Debug|iPhoneSimulator.Deploy.0 = Debug|Any CPU
		{8ED8B3EB-E5C8-404F-88D6-41FA5067601D}.Debug|x64.ActiveCfg = Debug|Any CPU
		{8ED8B3EB-E5C8-404F-88D6-41FA5067601D}.Debug|x64.Build.0 = Debug|Any CPU
		{8ED8B3EB-E5C8-404F-88D6-41FA5067601D}.Debug|x64.Deploy.0 = Debug|Any CPU
		{8ED8B3EB-E5C8-404F-88D6-41FA5067601D}.Debug|x86.ActiveCfg = Debug|Any CPU
		{8ED8B3EB-E5C8-404F-88D6-41FA5067601D}.Debug|x86.Build.0 = Debug|Any CPU
		{8ED8B3EB-E5C8-404F-88D6-41FA5067601D}.Debug|x86.Deploy.0 = Debug|Any CPU
		{8ED8B3EB-E5C8-404F-88D6-41FA5067601D}.Release|Any CPU.ActiveCfg = Release|Any CPU
		{8ED8B3EB-E5C8-404F-88D6-41FA5067601D}.Release|Any CPU.Build.0 = Release|Any CPU
		{8ED8B3EB-E5C8-404F-88D6-41FA5067601D}.Release|Any CPU.Deploy.0 = Release|Any CPU
		{8ED8B3EB-E5C8-404F-88D6-41FA5067601D}.Release|ARM.ActiveCfg = Release|Any CPU
		{8ED8B3EB-E5C8-404F-88D6-41FA5067601D}.Release|ARM.Build.0 = Release|Any CPU
		{8ED8B3EB-E5C8-404F-88D6-41FA5067601D}.Release|ARM.Deploy.0 = Release|Any CPU
		{8ED8B3EB-E5C8-404F-88D6-41FA5067601D}.Release|iPhone.ActiveCfg = Release|Any CPU
		{8ED8B3EB-E5C8-404F-88D6-41FA5067601D}.Release|iPhone.Build.0 = Release|Any CPU
		{8ED8B3EB-E5C8-404F-88D6-41FA5067601D}.Release|iPhone.Deploy.0 = Release|Any CPU
		{8ED8B3EB-E5C8-404F-88D6-41FA5067601D}.Release|iPhoneSimulator.ActiveCfg = Release|Any CPU
		{8ED8B3EB-E5C8-404F-88D6-41FA5067601D}.Release|iPhoneSimulator.Build.0 = Release|Any CPU
		{8ED8B3EB-E5C8-404F-88D6-41FA5067601D}.Release|iPhoneSimulator.Deploy.0 = Release|Any CPU
		{8ED8B3EB-E5C8-404F-88D6-41FA5067601D}.Release|x64.ActiveCfg = Release|Any CPU
		{8ED8B3EB-E5C8-404F-88D6-41FA5067601D}.Release|x64.Build.0 = Release|Any CPU
		{8ED8B3EB-E5C8-404F-88D6-41FA5067601D}.Release|x64.Deploy.0 = Release|Any CPU
		{8ED8B3EB-E5C8-404F-88D6-41FA5067601D}.Release|x86.ActiveCfg = Release|Any CPU
		{8ED8B3EB-E5C8-404F-88D6-41FA5067601D}.Release|x86.Build.0 = Release|Any CPU
		{8ED8B3EB-E5C8-404F-88D6-41FA5067601D}.Release|x86.Deploy.0 = Release|Any CPU
		{79E69746-A334-47D8-A54C-BBE5737C623C}.Ad-Hoc|Any CPU.ActiveCfg = Ad-Hoc|iPhone
		{79E69746-A334-47D8-A54C-BBE5737C623C}.Ad-Hoc|ARM.ActiveCfg = Ad-Hoc|iPhone
		{79E69746-A334-47D8-A54C-BBE5737C623C}.Ad-Hoc|iPhone.ActiveCfg = Ad-Hoc|iPhone
		{79E69746-A334-47D8-A54C-BBE5737C623C}.Ad-Hoc|iPhone.Build.0 = Ad-Hoc|iPhone
		{79E69746-A334-47D8-A54C-BBE5737C623C}.Ad-Hoc|iPhoneSimulator.ActiveCfg = Ad-Hoc|iPhoneSimulator
		{79E69746-A334-47D8-A54C-BBE5737C623C}.Ad-Hoc|iPhoneSimulator.Build.0 = Ad-Hoc|iPhoneSimulator
		{79E69746-A334-47D8-A54C-BBE5737C623C}.Ad-Hoc|x64.ActiveCfg = Ad-Hoc|iPhone
		{79E69746-A334-47D8-A54C-BBE5737C623C}.Ad-Hoc|x86.ActiveCfg = Ad-Hoc|iPhone
		{79E69746-A334-47D8-A54C-BBE5737C623C}.AppStore|Any CPU.ActiveCfg = AppStore|iPhone
		{79E69746-A334-47D8-A54C-BBE5737C623C}.AppStore|ARM.ActiveCfg = AppStore|iPhone
		{79E69746-A334-47D8-A54C-BBE5737C623C}.AppStore|iPhone.ActiveCfg = AppStore|iPhone
		{79E69746-A334-47D8-A54C-BBE5737C623C}.AppStore|iPhone.Build.0 = AppStore|iPhone
		{79E69746-A334-47D8-A54C-BBE5737C623C}.AppStore|iPhoneSimulator.ActiveCfg = AppStore|iPhoneSimulator
		{79E69746-A334-47D8-A54C-BBE5737C623C}.AppStore|iPhoneSimulator.Build.0 = AppStore|iPhoneSimulator
		{79E69746-A334-47D8-A54C-BBE5737C623C}.AppStore|x64.ActiveCfg = AppStore|iPhone
		{79E69746-A334-47D8-A54C-BBE5737C623C}.AppStore|x86.ActiveCfg = AppStore|iPhone
		{79E69746-A334-47D8-A54C-BBE5737C623C}.Debug|Any CPU.ActiveCfg = Debug|iPhone
		{79E69746-A334-47D8-A54C-BBE5737C623C}.Debug|ARM.ActiveCfg = Debug|iPhone
		{79E69746-A334-47D8-A54C-BBE5737C623C}.Debug|iPhone.ActiveCfg = Debug|iPhone
		{79E69746-A334-47D8-A54C-BBE5737C623C}.Debug|iPhone.Build.0 = Debug|iPhone
		{79E69746-A334-47D8-A54C-BBE5737C623C}.Debug|iPhoneSimulator.ActiveCfg = Debug|iPhoneSimulator
		{79E69746-A334-47D8-A54C-BBE5737C623C}.Debug|iPhoneSimulator.Build.0 = Debug|iPhoneSimulator
		{79E69746-A334-47D8-A54C-BBE5737C623C}.Debug|x64.ActiveCfg = Debug|iPhone
		{79E69746-A334-47D8-A54C-BBE5737C623C}.Debug|x86.ActiveCfg = Debug|iPhone
		{79E69746-A334-47D8-A54C-BBE5737C623C}.Release|Any CPU.ActiveCfg = Release|iPhone
		{79E69746-A334-47D8-A54C-BBE5737C623C}.Release|ARM.ActiveCfg = Release|iPhone
		{79E69746-A334-47D8-A54C-BBE5737C623C}.Release|iPhone.ActiveCfg = Release|iPhone
		{79E69746-A334-47D8-A54C-BBE5737C623C}.Release|iPhone.Build.0 = Release|iPhone
		{79E69746-A334-47D8-A54C-BBE5737C623C}.Release|iPhoneSimulator.ActiveCfg = Release|iPhoneSimulator
		{79E69746-A334-47D8-A54C-BBE5737C623C}.Release|iPhoneSimulator.Build.0 = Release|iPhoneSimulator
		{79E69746-A334-47D8-A54C-BBE5737C623C}.Release|x64.ActiveCfg = Release|iPhone
		{79E69746-A334-47D8-A54C-BBE5737C623C}.Release|x86.ActiveCfg = Release|iPhone
		{BB7BF6EC-F52E-469C-93F7-F5DECE7F092E}.Ad-Hoc|Any CPU.ActiveCfg = Release|Any CPU
		{BB7BF6EC-F52E-469C-93F7-F5DECE7F092E}.Ad-Hoc|Any CPU.Build.0 = Release|Any CPU
		{BB7BF6EC-F52E-469C-93F7-F5DECE7F092E}.Ad-Hoc|Any CPU.Deploy.0 = Release|Any CPU
		{BB7BF6EC-F52E-469C-93F7-F5DECE7F092E}.Ad-Hoc|ARM.ActiveCfg = Release|ARM
		{BB7BF6EC-F52E-469C-93F7-F5DECE7F092E}.Ad-Hoc|ARM.Build.0 = Release|ARM
		{BB7BF6EC-F52E-469C-93F7-F5DECE7F092E}.Ad-Hoc|ARM.Deploy.0 = Release|ARM
		{BB7BF6EC-F52E-469C-93F7-F5DECE7F092E}.Ad-Hoc|iPhone.ActiveCfg = Release|Any CPU
		{BB7BF6EC-F52E-469C-93F7-F5DECE7F092E}.Ad-Hoc|iPhone.Build.0 = Release|Any CPU
		{BB7BF6EC-F52E-469C-93F7-F5DECE7F092E}.Ad-Hoc|iPhone.Deploy.0 = Release|Any CPU
		{BB7BF6EC-F52E-469C-93F7-F5DECE7F092E}.Ad-Hoc|iPhoneSimulator.ActiveCfg = Release|Any CPU
		{BB7BF6EC-F52E-469C-93F7-F5DECE7F092E}.Ad-Hoc|iPhoneSimulator.Build.0 = Release|Any CPU
		{BB7BF6EC-F52E-469C-93F7-F5DECE7F092E}.Ad-Hoc|iPhoneSimulator.Deploy.0 = Release|Any CPU
		{BB7BF6EC-F52E-469C-93F7-F5DECE7F092E}.Ad-Hoc|x64.ActiveCfg = Release|Any CPU
		{BB7BF6EC-F52E-469C-93F7-F5DECE7F092E}.Ad-Hoc|x64.Build.0 = Release|Any CPU
		{BB7BF6EC-F52E-469C-93F7-F5DECE7F092E}.Ad-Hoc|x64.Deploy.0 = Release|Any CPU
		{BB7BF6EC-F52E-469C-93F7-F5DECE7F092E}.Ad-Hoc|x86.ActiveCfg = Release|x86
		{BB7BF6EC-F52E-469C-93F7-F5DECE7F092E}.Ad-Hoc|x86.Build.0 = Release|x86
		{BB7BF6EC-F52E-469C-93F7-F5DECE7F092E}.Ad-Hoc|x86.Deploy.0 = Release|x86
		{BB7BF6EC-F52E-469C-93F7-F5DECE7F092E}.AppStore|Any CPU.ActiveCfg = Release|Any CPU
		{BB7BF6EC-F52E-469C-93F7-F5DECE7F092E}.AppStore|Any CPU.Build.0 = Release|Any CPU
		{BB7BF6EC-F52E-469C-93F7-F5DECE7F092E}.AppStore|Any CPU.Deploy.0 = Release|Any CPU
		{BB7BF6EC-F52E-469C-93F7-F5DECE7F092E}.AppStore|ARM.ActiveCfg = Release|ARM
		{BB7BF6EC-F52E-469C-93F7-F5DECE7F092E}.AppStore|ARM.Build.0 = Release|ARM
		{BB7BF6EC-F52E-469C-93F7-F5DECE7F092E}.AppStore|ARM.Deploy.0 = Release|ARM
		{BB7BF6EC-F52E-469C-93F7-F5DECE7F092E}.AppStore|iPhone.ActiveCfg = Release|Any CPU
		{BB7BF6EC-F52E-469C-93F7-F5DECE7F092E}.AppStore|iPhone.Build.0 = Release|Any CPU
		{BB7BF6EC-F52E-469C-93F7-F5DECE7F092E}.AppStore|iPhone.Deploy.0 = Release|Any CPU
		{BB7BF6EC-F52E-469C-93F7-F5DECE7F092E}.AppStore|iPhoneSimulator.ActiveCfg = Release|Any CPU
		{BB7BF6EC-F52E-469C-93F7-F5DECE7F092E}.AppStore|iPhoneSimulator.Build.0 = Release|Any CPU
		{BB7BF6EC-F52E-469C-93F7-F5DECE7F092E}.AppStore|iPhoneSimulator.Deploy.0 = Release|Any CPU
		{BB7BF6EC-F52E-469C-93F7-F5DECE7F092E}.AppStore|x64.ActiveCfg = Release|Any CPU
		{BB7BF6EC-F52E-469C-93F7-F5DECE7F092E}.AppStore|x64.Build.0 = Release|Any CPU
		{BB7BF6EC-F52E-469C-93F7-F5DECE7F092E}.AppStore|x64.Deploy.0 = Release|Any CPU
		{BB7BF6EC-F52E-469C-93F7-F5DECE7F092E}.AppStore|x86.ActiveCfg = Release|x86
		{BB7BF6EC-F52E-469C-93F7-F5DECE7F092E}.AppStore|x86.Build.0 = Release|x86
		{BB7BF6EC-F52E-469C-93F7-F5DECE7F092E}.AppStore|x86.Deploy.0 = Release|x86
		{BB7BF6EC-F52E-469C-93F7-F5DECE7F092E}.Debug|Any CPU.ActiveCfg = Debug|Any CPU
		{BB7BF6EC-F52E-469C-93F7-F5DECE7F092E}.Debug|Any CPU.Build.0 = Debug|Any CPU
		{BB7BF6EC-F52E-469C-93F7-F5DECE7F092E}.Debug|Any CPU.Deploy.0 = Debug|Any CPU
		{BB7BF6EC-F52E-469C-93F7-F5DECE7F092E}.Debug|ARM.ActiveCfg = Debug|ARM
		{BB7BF6EC-F52E-469C-93F7-F5DECE7F092E}.Debug|ARM.Build.0 = Debug|ARM
		{BB7BF6EC-F52E-469C-93F7-F5DECE7F092E}.Debug|ARM.Deploy.0 = Debug|ARM
		{BB7BF6EC-F52E-469C-93F7-F5DECE7F092E}.Debug|iPhone.ActiveCfg = Debug|Any CPU
		{BB7BF6EC-F52E-469C-93F7-F5DECE7F092E}.Debug|iPhone.Build.0 = Debug|Any CPU
		{BB7BF6EC-F52E-469C-93F7-F5DECE7F092E}.Debug|iPhone.Deploy.0 = Debug|Any CPU
		{BB7BF6EC-F52E-469C-93F7-F5DECE7F092E}.Debug|iPhoneSimulator.ActiveCfg = Debug|Any CPU
		{BB7BF6EC-F52E-469C-93F7-F5DECE7F092E}.Debug|iPhoneSimulator.Build.0 = Debug|Any CPU
		{BB7BF6EC-F52E-469C-93F7-F5DECE7F092E}.Debug|iPhoneSimulator.Deploy.0 = Debug|Any CPU
		{BB7BF6EC-F52E-469C-93F7-F5DECE7F092E}.Debug|x64.ActiveCfg = Debug|Any CPU
		{BB7BF6EC-F52E-469C-93F7-F5DECE7F092E}.Debug|x64.Build.0 = Debug|Any CPU
		{BB7BF6EC-F52E-469C-93F7-F5DECE7F092E}.Debug|x64.Deploy.0 = Debug|Any CPU
		{BB7BF6EC-F52E-469C-93F7-F5DECE7F092E}.Debug|x86.ActiveCfg = Debug|x86
		{BB7BF6EC-F52E-469C-93F7-F5DECE7F092E}.Debug|x86.Build.0 = Debug|x86
		{BB7BF6EC-F52E-469C-93F7-F5DECE7F092E}.Debug|x86.Deploy.0 = Debug|x86
		{BB7BF6EC-F52E-469C-93F7-F5DECE7F092E}.Release|Any CPU.ActiveCfg = Release|Any CPU
		{BB7BF6EC-F52E-469C-93F7-F5DECE7F092E}.Release|Any CPU.Build.0 = Release|Any CPU
		{BB7BF6EC-F52E-469C-93F7-F5DECE7F092E}.Release|Any CPU.Deploy.0 = Release|Any CPU
		{BB7BF6EC-F52E-469C-93F7-F5DECE7F092E}.Release|ARM.ActiveCfg = Release|ARM
		{BB7BF6EC-F52E-469C-93F7-F5DECE7F092E}.Release|ARM.Build.0 = Release|ARM
		{BB7BF6EC-F52E-469C-93F7-F5DECE7F092E}.Release|ARM.Deploy.0 = Release|ARM
		{BB7BF6EC-F52E-469C-93F7-F5DECE7F092E}.Release|iPhone.ActiveCfg = Release|Any CPU
		{BB7BF6EC-F52E-469C-93F7-F5DECE7F092E}.Release|iPhone.Build.0 = Release|Any CPU
		{BB7BF6EC-F52E-469C-93F7-F5DECE7F092E}.Release|iPhone.Deploy.0 = Release|Any CPU
		{BB7BF6EC-F52E-469C-93F7-F5DECE7F092E}.Release|iPhoneSimulator.ActiveCfg = Release|Any CPU
		{BB7BF6EC-F52E-469C-93F7-F5DECE7F092E}.Release|iPhoneSimulator.Build.0 = Release|Any CPU
		{BB7BF6EC-F52E-469C-93F7-F5DECE7F092E}.Release|iPhoneSimulator.Deploy.0 = Release|Any CPU
		{BB7BF6EC-F52E-469C-93F7-F5DECE7F092E}.Release|x64.ActiveCfg = Release|Any CPU
		{BB7BF6EC-F52E-469C-93F7-F5DECE7F092E}.Release|x64.Build.0 = Release|Any CPU
		{BB7BF6EC-F52E-469C-93F7-F5DECE7F092E}.Release|x64.Deploy.0 = Release|Any CPU
		{BB7BF6EC-F52E-469C-93F7-F5DECE7F092E}.Release|x86.ActiveCfg = Release|x86
		{BB7BF6EC-F52E-469C-93F7-F5DECE7F092E}.Release|x86.Build.0 = Release|x86
		{BB7BF6EC-F52E-469C-93F7-F5DECE7F092E}.Release|x86.Deploy.0 = Release|x86
		{ED483403-B886-4808-90B9-75DFF9505057}.Ad-Hoc|Any CPU.ActiveCfg = Release|x86
		{ED483403-B886-4808-90B9-75DFF9505057}.Ad-Hoc|Any CPU.Build.0 = Release|x86
		{ED483403-B886-4808-90B9-75DFF9505057}.Ad-Hoc|Any CPU.Deploy.0 = Release|x86
		{ED483403-B886-4808-90B9-75DFF9505057}.Ad-Hoc|ARM.ActiveCfg = Release|ARM
		{ED483403-B886-4808-90B9-75DFF9505057}.Ad-Hoc|ARM.Build.0 = Release|ARM
		{ED483403-B886-4808-90B9-75DFF9505057}.Ad-Hoc|ARM.Deploy.0 = Release|ARM
		{ED483403-B886-4808-90B9-75DFF9505057}.Ad-Hoc|iPhone.ActiveCfg = Release|x86
		{ED483403-B886-4808-90B9-75DFF9505057}.Ad-Hoc|iPhone.Build.0 = Release|x86
		{ED483403-B886-4808-90B9-75DFF9505057}.Ad-Hoc|iPhone.Deploy.0 = Release|x86
		{ED483403-B886-4808-90B9-75DFF9505057}.Ad-Hoc|iPhoneSimulator.ActiveCfg = Release|x86
		{ED483403-B886-4808-90B9-75DFF9505057}.Ad-Hoc|iPhoneSimulator.Build.0 = Release|x86
		{ED483403-B886-4808-90B9-75DFF9505057}.Ad-Hoc|iPhoneSimulator.Deploy.0 = Release|x86
		{ED483403-B886-4808-90B9-75DFF9505057}.Ad-Hoc|x64.ActiveCfg = Release|x64
		{ED483403-B886-4808-90B9-75DFF9505057}.Ad-Hoc|x64.Build.0 = Release|x64
		{ED483403-B886-4808-90B9-75DFF9505057}.Ad-Hoc|x64.Deploy.0 = Release|x64
		{ED483403-B886-4808-90B9-75DFF9505057}.Ad-Hoc|x86.ActiveCfg = Release|x86
		{ED483403-B886-4808-90B9-75DFF9505057}.Ad-Hoc|x86.Build.0 = Release|x86
		{ED483403-B886-4808-90B9-75DFF9505057}.Ad-Hoc|x86.Deploy.0 = Release|x86
		{ED483403-B886-4808-90B9-75DFF9505057}.AppStore|Any CPU.ActiveCfg = Release|x86
		{ED483403-B886-4808-90B9-75DFF9505057}.AppStore|Any CPU.Build.0 = Release|x86
		{ED483403-B886-4808-90B9-75DFF9505057}.AppStore|Any CPU.Deploy.0 = Release|x86
		{ED483403-B886-4808-90B9-75DFF9505057}.AppStore|ARM.ActiveCfg = Release|ARM
		{ED483403-B886-4808-90B9-75DFF9505057}.AppStore|ARM.Build.0 = Release|ARM
		{ED483403-B886-4808-90B9-75DFF9505057}.AppStore|ARM.Deploy.0 = Release|ARM
		{ED483403-B886-4808-90B9-75DFF9505057}.AppStore|iPhone.ActiveCfg = Release|x86
		{ED483403-B886-4808-90B9-75DFF9505057}.AppStore|iPhone.Build.0 = Release|x86
		{ED483403-B886-4808-90B9-75DFF9505057}.AppStore|iPhone.Deploy.0 = Release|x86
		{ED483403-B886-4808-90B9-75DFF9505057}.AppStore|iPhoneSimulator.ActiveCfg = Release|x86
		{ED483403-B886-4808-90B9-75DFF9505057}.AppStore|iPhoneSimulator.Build.0 = Release|x86
		{ED483403-B886-4808-90B9-75DFF9505057}.AppStore|iPhoneSimulator.Deploy.0 = Release|x86
		{ED483403-B886-4808-90B9-75DFF9505057}.AppStore|x64.ActiveCfg = Release|x64
		{ED483403-B886-4808-90B9-75DFF9505057}.AppStore|x64.Build.0 = Release|x64
		{ED483403-B886-4808-90B9-75DFF9505057}.AppStore|x64.Deploy.0 = Release|x64
		{ED483403-B886-4808-90B9-75DFF9505057}.AppStore|x86.ActiveCfg = Release|x86
		{ED483403-B886-4808-90B9-75DFF9505057}.AppStore|x86.Build.0 = Release|x86
		{ED483403-B886-4808-90B9-75DFF9505057}.AppStore|x86.Deploy.0 = Release|x86
		{ED483403-B886-4808-90B9-75DFF9505057}.Debug|Any CPU.ActiveCfg = Debug|x86
		{ED483403-B886-4808-90B9-75DFF9505057}.Debug|ARM.ActiveCfg = Debug|ARM
		{ED483403-B886-4808-90B9-75DFF9505057}.Debug|ARM.Build.0 = Debug|ARM
		{ED483403-B886-4808-90B9-75DFF9505057}.Debug|ARM.Deploy.0 = Debug|ARM
		{ED483403-B886-4808-90B9-75DFF9505057}.Debug|iPhone.ActiveCfg = Debug|x86
		{ED483403-B886-4808-90B9-75DFF9505057}.Debug|iPhoneSimulator.ActiveCfg = Debug|x86
		{ED483403-B886-4808-90B9-75DFF9505057}.Debug|x64.ActiveCfg = Debug|x64
		{ED483403-B886-4808-90B9-75DFF9505057}.Debug|x64.Build.0 = Debug|x64
		{ED483403-B886-4808-90B9-75DFF9505057}.Debug|x64.Deploy.0 = Debug|x64
		{ED483403-B886-4808-90B9-75DFF9505057}.Debug|x86.ActiveCfg = Debug|x86
		{ED483403-B886-4808-90B9-75DFF9505057}.Debug|x86.Build.0 = Debug|x86
		{ED483403-B886-4808-90B9-75DFF9505057}.Debug|x86.Deploy.0 = Debug|x86
		{ED483403-B886-4808-90B9-75DFF9505057}.Release|Any CPU.ActiveCfg = Release|x86
		{ED483403-B886-4808-90B9-75DFF9505057}.Release|ARM.ActiveCfg = Release|ARM
		{ED483403-B886-4808-90B9-75DFF9505057}.Release|ARM.Build.0 = Release|ARM
		{ED483403-B886-4808-90B9-75DFF9505057}.Release|ARM.Deploy.0 = Release|ARM
		{ED483403-B886-4808-90B9-75DFF9505057}.Release|iPhone.ActiveCfg = Release|x86
		{ED483403-B886-4808-90B9-75DFF9505057}.Release|iPhoneSimulator.ActiveCfg = Release|x86
		{ED483403-B886-4808-90B9-75DFF9505057}.Release|x64.ActiveCfg = Release|x64
		{ED483403-B886-4808-90B9-75DFF9505057}.Release|x64.Build.0 = Release|x64
		{ED483403-B886-4808-90B9-75DFF9505057}.Release|x64.Deploy.0 = Release|x64
		{ED483403-B886-4808-90B9-75DFF9505057}.Release|x86.ActiveCfg = Release|x86
		{ED483403-B886-4808-90B9-75DFF9505057}.Release|x86.Build.0 = Release|x86
		{ED483403-B886-4808-90B9-75DFF9505057}.Release|x86.Deploy.0 = Release|x86
		{DAA0AAB6-D18E-4976-ABD8-5E6F9B132934}.Ad-Hoc|Any CPU.ActiveCfg = Release|Any CPU
		{DAA0AAB6-D18E-4976-ABD8-5E6F9B132934}.Ad-Hoc|Any CPU.Build.0 = Release|Any CPU
		{DAA0AAB6-D18E-4976-ABD8-5E6F9B132934}.Ad-Hoc|Any CPU.Deploy.0 = Release|Any CPU
		{DAA0AAB6-D18E-4976-ABD8-5E6F9B132934}.Ad-Hoc|ARM.ActiveCfg = Release|ARM
		{DAA0AAB6-D18E-4976-ABD8-5E6F9B132934}.Ad-Hoc|ARM.Build.0 = Release|ARM
		{DAA0AAB6-D18E-4976-ABD8-5E6F9B132934}.Ad-Hoc|ARM.Deploy.0 = Release|ARM
		{DAA0AAB6-D18E-4976-ABD8-5E6F9B132934}.Ad-Hoc|iPhone.ActiveCfg = Release|Any CPU
		{DAA0AAB6-D18E-4976-ABD8-5E6F9B132934}.Ad-Hoc|iPhone.Build.0 = Release|Any CPU
		{DAA0AAB6-D18E-4976-ABD8-5E6F9B132934}.Ad-Hoc|iPhone.Deploy.0 = Release|Any CPU
		{DAA0AAB6-D18E-4976-ABD8-5E6F9B132934}.Ad-Hoc|iPhoneSimulator.ActiveCfg = Release|Any CPU
		{DAA0AAB6-D18E-4976-ABD8-5E6F9B132934}.Ad-Hoc|iPhoneSimulator.Build.0 = Release|Any CPU
		{DAA0AAB6-D18E-4976-ABD8-5E6F9B132934}.Ad-Hoc|iPhoneSimulator.Deploy.0 = Release|Any CPU
		{DAA0AAB6-D18E-4976-ABD8-5E6F9B132934}.Ad-Hoc|x64.ActiveCfg = Release|x64
		{DAA0AAB6-D18E-4976-ABD8-5E6F9B132934}.Ad-Hoc|x64.Build.0 = Release|x64
		{DAA0AAB6-D18E-4976-ABD8-5E6F9B132934}.Ad-Hoc|x64.Deploy.0 = Release|x64
		{DAA0AAB6-D18E-4976-ABD8-5E6F9B132934}.Ad-Hoc|x86.ActiveCfg = Release|x86
		{DAA0AAB6-D18E-4976-ABD8-5E6F9B132934}.Ad-Hoc|x86.Build.0 = Release|x86
		{DAA0AAB6-D18E-4976-ABD8-5E6F9B132934}.Ad-Hoc|x86.Deploy.0 = Release|x86
		{DAA0AAB6-D18E-4976-ABD8-5E6F9B132934}.AppStore|Any CPU.ActiveCfg = Release|Any CPU
		{DAA0AAB6-D18E-4976-ABD8-5E6F9B132934}.AppStore|Any CPU.Build.0 = Release|Any CPU
		{DAA0AAB6-D18E-4976-ABD8-5E6F9B132934}.AppStore|Any CPU.Deploy.0 = Release|Any CPU
		{DAA0AAB6-D18E-4976-ABD8-5E6F9B132934}.AppStore|ARM.ActiveCfg = Release|ARM
		{DAA0AAB6-D18E-4976-ABD8-5E6F9B132934}.AppStore|ARM.Build.0 = Release|ARM
		{DAA0AAB6-D18E-4976-ABD8-5E6F9B132934}.AppStore|ARM.Deploy.0 = Release|ARM
		{DAA0AAB6-D18E-4976-ABD8-5E6F9B132934}.AppStore|iPhone.ActiveCfg = Release|Any CPU
		{DAA0AAB6-D18E-4976-ABD8-5E6F9B132934}.AppStore|iPhone.Build.0 = Release|Any CPU
		{DAA0AAB6-D18E-4976-ABD8-5E6F9B132934}.AppStore|iPhone.Deploy.0 = Release|Any CPU
		{DAA0AAB6-D18E-4976-ABD8-5E6F9B132934}.AppStore|iPhoneSimulator.ActiveCfg = Release|Any CPU
		{DAA0AAB6-D18E-4976-ABD8-5E6F9B132934}.AppStore|iPhoneSimulator.Build.0 = Release|Any CPU
		{DAA0AAB6-D18E-4976-ABD8-5E6F9B132934}.AppStore|iPhoneSimulator.Deploy.0 = Release|Any CPU
		{DAA0AAB6-D18E-4976-ABD8-5E6F9B132934}.AppStore|x64.ActiveCfg = Release|x64
		{DAA0AAB6-D18E-4976-ABD8-5E6F9B132934}.AppStore|x64.Build.0 = Release|x64
		{DAA0AAB6-D18E-4976-ABD8-5E6F9B132934}.AppStore|x64.Deploy.0 = Release|x64
		{DAA0AAB6-D18E-4976-ABD8-5E6F9B132934}.AppStore|x86.ActiveCfg = Release|x86
		{DAA0AAB6-D18E-4976-ABD8-5E6F9B132934}.AppStore|x86.Build.0 = Release|x86
		{DAA0AAB6-D18E-4976-ABD8-5E6F9B132934}.AppStore|x86.Deploy.0 = Release|x86
		{DAA0AAB6-D18E-4976-ABD8-5E6F9B132934}.Debug|Any CPU.ActiveCfg = Debug|Any CPU
		{DAA0AAB6-D18E-4976-ABD8-5E6F9B132934}.Debug|Any CPU.Build.0 = Debug|Any CPU
		{DAA0AAB6-D18E-4976-ABD8-5E6F9B132934}.Debug|Any CPU.Deploy.0 = Debug|Any CPU
		{DAA0AAB6-D18E-4976-ABD8-5E6F9B132934}.Debug|ARM.ActiveCfg = Debug|ARM
		{DAA0AAB6-D18E-4976-ABD8-5E6F9B132934}.Debug|ARM.Build.0 = Debug|ARM
		{DAA0AAB6-D18E-4976-ABD8-5E6F9B132934}.Debug|ARM.Deploy.0 = Debug|ARM
		{DAA0AAB6-D18E-4976-ABD8-5E6F9B132934}.Debug|iPhone.ActiveCfg = Debug|Any CPU
		{DAA0AAB6-D18E-4976-ABD8-5E6F9B132934}.Debug|iPhone.Build.0 = Debug|Any CPU
		{DAA0AAB6-D18E-4976-ABD8-5E6F9B132934}.Debug|iPhone.Deploy.0 = Debug|Any CPU
		{DAA0AAB6-D18E-4976-ABD8-5E6F9B132934}.Debug|iPhoneSimulator.ActiveCfg = Debug|Any CPU
		{DAA0AAB6-D18E-4976-ABD8-5E6F9B132934}.Debug|iPhoneSimulator.Build.0 = Debug|Any CPU
		{DAA0AAB6-D18E-4976-ABD8-5E6F9B132934}.Debug|iPhoneSimulator.Deploy.0 = Debug|Any CPU
		{DAA0AAB6-D18E-4976-ABD8-5E6F9B132934}.Debug|x64.ActiveCfg = Debug|x64
		{DAA0AAB6-D18E-4976-ABD8-5E6F9B132934}.Debug|x64.Build.0 = Debug|x64
		{DAA0AAB6-D18E-4976-ABD8-5E6F9B132934}.Debug|x64.Deploy.0 = Debug|x64
		{DAA0AAB6-D18E-4976-ABD8-5E6F9B132934}.Debug|x86.ActiveCfg = Debug|x86
		{DAA0AAB6-D18E-4976-ABD8-5E6F9B132934}.Debug|x86.Build.0 = Debug|x86
		{DAA0AAB6-D18E-4976-ABD8-5E6F9B132934}.Debug|x86.Deploy.0 = Debug|x86
		{DAA0AAB6-D18E-4976-ABD8-5E6F9B132934}.Release|Any CPU.ActiveCfg = Release|Any CPU
		{DAA0AAB6-D18E-4976-ABD8-5E6F9B132934}.Release|Any CPU.Build.0 = Release|Any CPU
		{DAA0AAB6-D18E-4976-ABD8-5E6F9B132934}.Release|Any CPU.Deploy.0 = Release|Any CPU
		{DAA0AAB6-D18E-4976-ABD8-5E6F9B132934}.Release|ARM.ActiveCfg = Release|ARM
		{DAA0AAB6-D18E-4976-ABD8-5E6F9B132934}.Release|ARM.Build.0 = Release|ARM
		{DAA0AAB6-D18E-4976-ABD8-5E6F9B132934}.Release|ARM.Deploy.0 = Release|ARM
		{DAA0AAB6-D18E-4976-ABD8-5E6F9B132934}.Release|iPhone.ActiveCfg = Release|Any CPU
		{DAA0AAB6-D18E-4976-ABD8-5E6F9B132934}.Release|iPhone.Build.0 = Release|Any CPU
		{DAA0AAB6-D18E-4976-ABD8-5E6F9B132934}.Release|iPhone.Deploy.0 = Release|Any CPU
		{DAA0AAB6-D18E-4976-ABD8-5E6F9B132934}.Release|iPhoneSimulator.ActiveCfg = Release|Any CPU
		{DAA0AAB6-D18E-4976-ABD8-5E6F9B132934}.Release|iPhoneSimulator.Build.0 = Release|Any CPU
		{DAA0AAB6-D18E-4976-ABD8-5E6F9B132934}.Release|iPhoneSimulator.Deploy.0 = Release|Any CPU
		{DAA0AAB6-D18E-4976-ABD8-5E6F9B132934}.Release|x64.ActiveCfg = Release|x64
		{DAA0AAB6-D18E-4976-ABD8-5E6F9B132934}.Release|x64.Build.0 = Release|x64
		{DAA0AAB6-D18E-4976-ABD8-5E6F9B132934}.Release|x64.Deploy.0 = Release|x64
		{DAA0AAB6-D18E-4976-ABD8-5E6F9B132934}.Release|x86.ActiveCfg = Release|x86
		{DAA0AAB6-D18E-4976-ABD8-5E6F9B132934}.Release|x86.Build.0 = Release|x86
		{DAA0AAB6-D18E-4976-ABD8-5E6F9B132934}.Release|x86.Deploy.0 = Release|x86
	EndGlobalSection
	GlobalSection(SolutionProperties) = preSolution
		HideSolutionNode = FALSE
	EndGlobalSection
EndGlobal
