
Microsoft Visual Studio Solution File, Format Version 12.00
# Visual Studio 14
VisualStudioVersion = 14.0.25420.1
MinimumVisualStudioVersion = 10.0.40219.1
Project("{FAE04EC0-301F-11D3-BF4B-00C04F79EFBC}") = "CAMAcademyApp", "CAMAcademyApp\CAMAcademyApp\CAMAcademyApp.csproj", "{6C50A9D4-5E58-4B5E-8F18-5135480DE779}"
EndProject
Project("{FAE04EC0-301F-11D3-BF4B-00C04F79EFBC}") = "CAMAcademyApp.Droid", "CAMAcademyApp\CAMAcademyApp.Droid\CAMAcademyApp.Droid.csproj", "{B894EC0C-6709-48FA-9E13-077C95203889}"
EndProject
Project("{FAE04EC0-301F-11D3-BF4B-00C04F79EFBC}") = "CAMAcademyApp.iOS", "CAMAcademyApp\CAMAcademyApp.iOS\CAMAcademyApp.iOS.csproj", "{3E116D13-A073-49FC-87B9-4BB566DFAAFD}"
EndProject
Project("{FAE04EC0-301F-11D3-BF4B-00C04F79EFBC}") = "CAMAcademyApp.WinPhone", "CAMAcademyApp\CAMAcademyApp.WinPhone\CAMAcademyApp.WinPhone.csproj", "{942F83FA-F231-4E25-AF39-7249B206EF32}"
EndProject
Project("{FAE04EC0-301F-11D3-BF4B-00C04F79EFBC}") = "CAMAcademyApp.UWP", "CAMAcademyApp\CAMAcademyApp.UWP\CAMAcademyApp.UWP.csproj", "{7C89F5C1-F2C0-452E-A112-9FFC41AC949F}"
EndProject
Project("{FAE04EC0-301F-11D3-BF4B-00C04F79EFBC}") = "CAMAcademyApp.Windows", "CAMAcademyApp\CAMAcademyApp.Windows\CAMAcademyApp.Windows.csproj", "{2D001ABC-B502-4426-BFCD-7BC930DC9FD1}"
EndProject
Global
	GlobalSection(SolutionConfigurationPlatforms) = preSolution
		Ad-Hoc|Any CPU = Ad-Hoc|Any CPU
		Ad-Hoc|ARM = Ad-Hoc|ARM
		Ad-Hoc|iPhone = Ad-Hoc|iPhone
		Ad-Hoc|iPhoneSimulator = Ad-Hoc|iPhoneSimulator
		Ad-Hoc|x64 = Ad-Hoc|x64
		Ad-Hoc|x86 = Ad-Hoc|x86
		AppStore|Any CPU = AppStore|Any CPU
		AppStore|ARM = AppStore|ARM
		AppStore|iPhone = AppStore|iPhone
		AppStore|iPhoneSimulator = AppStore|iPhoneSimulator
		AppStore|x64 = AppStore|x64
		AppStore|x86 = AppStore|x86
		Debug|Any CPU = Debug|Any CPU
		Debug|ARM = Debug|ARM
		Debug|iPhone = Debug|iPhone
		Debug|iPhoneSimulator = Debug|iPhoneSimulator
		Debug|x64 = Debug|x64
		Debug|x86 = Debug|x86
		Release|Any CPU = Release|Any CPU
		Release|ARM = Release|ARM
		Release|iPhone = Release|iPhone
		Release|iPhoneSimulator = Release|iPhoneSimulator
		Release|x64 = Release|x64
		Release|x86 = Release|x86
	EndGlobalSection
	GlobalSection(ProjectConfigurationPlatforms) = postSolution
		{6C50A9D4-5E58-4B5E-8F18-5135480DE779}.Ad-Hoc|Any CPU.ActiveCfg = Release|Any CPU
		{6C50A9D4-5E58-4B5E-8F18-5135480DE779}.Ad-Hoc|Any CPU.Build.0 = Release|Any CPU
		{6C50A9D4-5E58-4B5E-8F18-5135480DE779}.Ad-Hoc|ARM.ActiveCfg = Release|Any CPU
		{6C50A9D4-5E58-4B5E-8F18-5135480DE779}.Ad-Hoc|ARM.Build.0 = Release|Any CPU
		{6C50A9D4-5E58-4B5E-8F18-5135480DE779}.Ad-Hoc|iPhone.ActiveCfg = Release|Any CPU
		{6C50A9D4-5E58-4B5E-8F18-5135480DE779}.Ad-Hoc|iPhone.Build.0 = Release|Any CPU
		{6C50A9D4-5E58-4B5E-8F18-5135480DE779}.Ad-Hoc|iPhoneSimulator.ActiveCfg = Release|Any CPU
		{6C50A9D4-5E58-4B5E-8F18-5135480DE779}.Ad-Hoc|iPhoneSimulator.Build.0 = Release|Any CPU
		{6C50A9D4-5E58-4B5E-8F18-5135480DE779}.Ad-Hoc|x64.ActiveCfg = Release|Any CPU
		{6C50A9D4-5E58-4B5E-8F18-5135480DE779}.Ad-Hoc|x64.Build.0 = Release|Any CPU
		{6C50A9D4-5E58-4B5E-8F18-5135480DE779}.Ad-Hoc|x86.ActiveCfg = Release|Any CPU
		{6C50A9D4-5E58-4B5E-8F18-5135480DE779}.Ad-Hoc|x86.Build.0 = Release|Any CPU
		{6C50A9D4-5E58-4B5E-8F18-5135480DE779}.AppStore|Any CPU.ActiveCfg = Release|Any CPU
		{6C50A9D4-5E58-4B5E-8F18-5135480DE779}.AppStore|Any CPU.Build.0 = Release|Any CPU
		{6C50A9D4-5E58-4B5E-8F18-5135480DE779}.AppStore|ARM.ActiveCfg = Release|Any CPU
		{6C50A9D4-5E58-4B5E-8F18-5135480DE779}.AppStore|ARM.Build.0 = Release|Any CPU
		{6C50A9D4-5E58-4B5E-8F18-5135480DE779}.AppStore|iPhone.ActiveCfg = Release|Any CPU
		{6C50A9D4-5E58-4B5E-8F18-5135480DE779}.AppStore|iPhone.Build.0 = Release|Any CPU
		{6C50A9D4-5E58-4B5E-8F18-5135480DE779}.AppStore|iPhoneSimulator.ActiveCfg = Release|Any CPU
		{6C50A9D4-5E58-4B5E-8F18-5135480DE779}.AppStore|iPhoneSimulator.Build.0 = Release|Any CPU
		{6C50A9D4-5E58-4B5E-8F18-5135480DE779}.AppStore|x64.ActiveCfg = Release|Any CPU
		{6C50A9D4-5E58-4B5E-8F18-5135480DE779}.AppStore|x64.Build.0 = Release|Any CPU
		{6C50A9D4-5E58-4B5E-8F18-5135480DE779}.AppStore|x86.ActiveCfg = Release|Any CPU
		{6C50A9D4-5E58-4B5E-8F18-5135480DE779}.AppStore|x86.Build.0 = Release|Any CPU
		{6C50A9D4-5E58-4B5E-8F18-5135480DE779}.Debug|Any CPU.ActiveCfg = Debug|Any CPU
		{6C50A9D4-5E58-4B5E-8F18-5135480DE779}.Debug|Any CPU.Build.0 = Debug|Any CPU
		{6C50A9D4-5E58-4B5E-8F18-5135480DE779}.Debug|ARM.ActiveCfg = Debug|Any CPU
		{6C50A9D4-5E58-4B5E-8F18-5135480DE779}.Debug|ARM.Build.0 = Debug|Any CPU
		{6C50A9D4-5E58-4B5E-8F18-5135480DE779}.Debug|iPhone.ActiveCfg = Debug|Any CPU
		{6C50A9D4-5E58-4B5E-8F18-5135480DE779}.Debug|iPhone.Build.0 = Debug|Any CPU
		{6C50A9D4-5E58-4B5E-8F18-5135480DE779}.Debug|iPhoneSimulator.ActiveCfg = Debug|Any CPU
		{6C50A9D4-5E58-4B5E-8F18-5135480DE779}.Debug|iPhoneSimulator.Build.0 = Debug|Any CPU
		{6C50A9D4-5E58-4B5E-8F18-5135480DE779}.Debug|x64.ActiveCfg = Debug|Any CPU
		{6C50A9D4-5E58-4B5E-8F18-5135480DE779}.Debug|x64.Build.0 = Debug|Any CPU
		{6C50A9D4-5E58-4B5E-8F18-5135480DE779}.Debug|x86.ActiveCfg = Debug|Any CPU
		{6C50A9D4-5E58-4B5E-8F18-5135480DE779}.Debug|x86.Build.0 = Debug|Any CPU
		{6C50A9D4-5E58-4B5E-8F18-5135480DE779}.Release|Any CPU.ActiveCfg = Release|Any CPU
		{6C50A9D4-5E58-4B5E-8F18-5135480DE779}.Release|Any CPU.Build.0 = Release|Any CPU
		{6C50A9D4-5E58-4B5E-8F18-5135480DE779}.Release|ARM.ActiveCfg = Release|Any CPU
		{6C50A9D4-5E58-4B5E-8F18-5135480DE779}.Release|ARM.Build.0 = Release|Any CPU
		{6C50A9D4-5E58-4B5E-8F18-5135480DE779}.Release|iPhone.ActiveCfg = Release|Any CPU
		{6C50A9D4-5E58-4B5E-8F18-5135480DE779}.Release|iPhone.Build.0 = Release|Any CPU
		{6C50A9D4-5E58-4B5E-8F18-5135480DE779}.Release|iPhoneSimulator.ActiveCfg = Release|Any CPU
		{6C50A9D4-5E58-4B5E-8F18-5135480DE779}.Release|iPhoneSimulator.Build.0 = Release|Any CPU
		{6C50A9D4-5E58-4B5E-8F18-5135480DE779}.Release|x64.ActiveCfg = Release|Any CPU
		{6C50A9D4-5E58-4B5E-8F18-5135480DE779}.Release|x64.Build.0 = Release|Any CPU
		{6C50A9D4-5E58-4B5E-8F18-5135480DE779}.Release|x86.ActiveCfg = Release|Any CPU
		{6C50A9D4-5E58-4B5E-8F18-5135480DE779}.Release|x86.Build.0 = Release|Any CPU
		{B894EC0C-6709-48FA-9E13-077C95203889}.Ad-Hoc|Any CPU.ActiveCfg = Release|Any CPU
		{B894EC0C-6709-48FA-9E13-077C95203889}.Ad-Hoc|Any CPU.Build.0 = Release|Any CPU
		{B894EC0C-6709-48FA-9E13-077C95203889}.Ad-Hoc|Any CPU.Deploy.0 = Release|Any CPU
		{B894EC0C-6709-48FA-9E13-077C95203889}.Ad-Hoc|ARM.ActiveCfg = Release|Any CPU
		{B894EC0C-6709-48FA-9E13-077C95203889}.Ad-Hoc|ARM.Build.0 = Release|Any CPU
		{B894EC0C-6709-48FA-9E13-077C95203889}.Ad-Hoc|ARM.Deploy.0 = Release|Any CPU
		{B894EC0C-6709-48FA-9E13-077C95203889}.Ad-Hoc|iPhone.ActiveCfg = Release|Any CPU
		{B894EC0C-6709-48FA-9E13-077C95203889}.Ad-Hoc|iPhone.Build.0 = Release|Any CPU
		{B894EC0C-6709-48FA-9E13-077C95203889}.Ad-Hoc|iPhone.Deploy.0 = Release|Any CPU
		{B894EC0C-6709-48FA-9E13-077C95203889}.Ad-Hoc|iPhoneSimulator.ActiveCfg = Release|Any CPU
		{B894EC0C-6709-48FA-9E13-077C95203889}.Ad-Hoc|iPhoneSimulator.Build.0 = Release|Any CPU
		{B894EC0C-6709-48FA-9E13-077C95203889}.Ad-Hoc|iPhoneSimulator.Deploy.0 = Release|Any CPU
		{B894EC0C-6709-48FA-9E13-077C95203889}.Ad-Hoc|x64.ActiveCfg = Release|Any CPU
		{B894EC0C-6709-48FA-9E13-077C95203889}.Ad-Hoc|x64.Build.0 = Release|Any CPU
		{B894EC0C-6709-48FA-9E13-077C95203889}.Ad-Hoc|x64.Deploy.0 = Release|Any CPU
		{B894EC0C-6709-48FA-9E13-077C95203889}.Ad-Hoc|x86.ActiveCfg = Release|Any CPU
		{B894EC0C-6709-48FA-9E13-077C95203889}.Ad-Hoc|x86.Build.0 = Release|Any CPU
		{B894EC0C-6709-48FA-9E13-077C95203889}.Ad-Hoc|x86.Deploy.0 = Release|Any CPU
		{B894EC0C-6709-48FA-9E13-077C95203889}.AppStore|Any CPU.ActiveCfg = Release|Any CPU
		{B894EC0C-6709-48FA-9E13-077C95203889}.AppStore|Any CPU.Build.0 = Release|Any CPU
		{B894EC0C-6709-48FA-9E13-077C95203889}.AppStore|Any CPU.Deploy.0 = Release|Any CPU
		{B894EC0C-6709-48FA-9E13-077C95203889}.AppStore|ARM.ActiveCfg = Release|Any CPU
		{B894EC0C-6709-48FA-9E13-077C95203889}.AppStore|ARM.Build.0 = Release|Any CPU
		{B894EC0C-6709-48FA-9E13-077C95203889}.AppStore|ARM.Deploy.0 = Release|Any CPU
		{B894EC0C-6709-48FA-9E13-077C95203889}.AppStore|iPhone.ActiveCfg = Release|Any CPU
		{B894EC0C-6709-48FA-9E13-077C95203889}.AppStore|iPhone.Build.0 = Release|Any CPU
		{B894EC0C-6709-48FA-9E13-077C95203889}.AppStore|iPhone.Deploy.0 = Release|Any CPU
		{B894EC0C-6709-48FA-9E13-077C95203889}.AppStore|iPhoneSimulator.ActiveCfg = Release|Any CPU
		{B894EC0C-6709-48FA-9E13-077C95203889}.AppStore|iPhoneSimulator.Build.0 = Release|Any CPU
		{B894EC0C-6709-48FA-9E13-077C95203889}.AppStore|iPhoneSimulator.Deploy.0 = Release|Any CPU
		{B894EC0C-6709-48FA-9E13-077C95203889}.AppStore|x64.ActiveCfg = Release|Any CPU
		{B894EC0C-6709-48FA-9E13-077C95203889}.AppStore|x64.Build.0 = Release|Any CPU
		{B894EC0C-6709-48FA-9E13-077C95203889}.AppStore|x64.Deploy.0 = Release|Any CPU
		{B894EC0C-6709-48FA-9E13-077C95203889}.AppStore|x86.ActiveCfg = Release|Any CPU
		{B894EC0C-6709-48FA-9E13-077C95203889}.AppStore|x86.Build.0 = Release|Any CPU
		{B894EC0C-6709-48FA-9E13-077C95203889}.AppStore|x86.Deploy.0 = Release|Any CPU
		{B894EC0C-6709-48FA-9E13-077C95203889}.Debug|Any CPU.ActiveCfg = Debug|Any CPU
		{B894EC0C-6709-48FA-9E13-077C95203889}.Debug|Any CPU.Build.0 = Debug|Any CPU
		{B894EC0C-6709-48FA-9E13-077C95203889}.Debug|Any CPU.Deploy.0 = Debug|Any CPU
		{B894EC0C-6709-48FA-9E13-077C95203889}.Debug|ARM.ActiveCfg = Debug|Any CPU
		{B894EC0C-6709-48FA-9E13-077C95203889}.Debug|ARM.Build.0 = Debug|Any CPU
		{B894EC0C-6709-48FA-9E13-077C95203889}.Debug|ARM.Deploy.0 = Debug|Any CPU
		{B894EC0C-6709-48FA-9E13-077C95203889}.Debug|iPhone.ActiveCfg = Debug|Any CPU
		{B894EC0C-6709-48FA-9E13-077C95203889}.Debug|iPhone.Build.0 = Debug|Any CPU
		{B894EC0C-6709-48FA-9E13-077C95203889}.Debug|iPhone.Deploy.0 = Debug|Any CPU
		{B894EC0C-6709-48FA-9E13-077C95203889}.Debug|iPhoneSimulator.ActiveCfg = Debug|Any CPU
		{B894EC0C-6709-48FA-9E13-077C95203889}.Debug|iPhoneSimulator.Build.0 = Debug|Any CPU
		{B894EC0C-6709-48FA-9E13-077C95203889}.Debug|iPhoneSimulator.Deploy.0 = Debug|Any CPU
		{B894EC0C-6709-48FA-9E13-077C95203889}.Debug|x64.ActiveCfg = Debug|Any CPU
		{B894EC0C-6709-48FA-9E13-077C95203889}.Debug|x64.Build.0 = Debug|Any CPU
		{B894EC0C-6709-48FA-9E13-077C95203889}.Debug|x64.Deploy.0 = Debug|Any CPU
		{B894EC0C-6709-48FA-9E13-077C95203889}.Debug|x86.ActiveCfg = Debug|Any CPU
		{B894EC0C-6709-48FA-9E13-077C95203889}.Debug|x86.Build.0 = Debug|Any CPU
		{B894EC0C-6709-48FA-9E13-077C95203889}.Debug|x86.Deploy.0 = Debug|Any CPU
		{B894EC0C-6709-48FA-9E13-077C95203889}.Release|Any CPU.ActiveCfg = Release|Any CPU
		{B894EC0C-6709-48FA-9E13-077C95203889}.Release|Any CPU.Build.0 = Release|Any CPU
		{B894EC0C-6709-48FA-9E13-077C95203889}.Release|Any CPU.Deploy.0 = Release|Any CPU
		{B894EC0C-6709-48FA-9E13-077C95203889}.Release|ARM.ActiveCfg = Release|Any CPU
		{B894EC0C-6709-48FA-9E13-077C95203889}.Release|ARM.Build.0 = Release|Any CPU
		{B894EC0C-6709-48FA-9E13-077C95203889}.Release|ARM.Deploy.0 = Release|Any CPU
		{B894EC0C-6709-48FA-9E13-077C95203889}.Release|iPhone.ActiveCfg = Release|Any CPU
		{B894EC0C-6709-48FA-9E13-077C95203889}.Release|iPhone.Build.0 = Release|Any CPU
		{B894EC0C-6709-48FA-9E13-077C95203889}.Release|iPhone.Deploy.0 = Release|Any CPU
		{B894EC0C-6709-48FA-9E13-077C95203889}.Release|iPhoneSimulator.ActiveCfg = Release|Any CPU
		{B894EC0C-6709-48FA-9E13-077C95203889}.Release|iPhoneSimulator.Build.0 = Release|Any CPU
		{B894EC0C-6709-48FA-9E13-077C95203889}.Release|iPhoneSimulator.Deploy.0 = Release|Any CPU
		{B894EC0C-6709-48FA-9E13-077C95203889}.Release|x64.ActiveCfg = Release|Any CPU
		{B894EC0C-6709-48FA-9E13-077C95203889}.Release|x64.Build.0 = Release|Any CPU
		{B894EC0C-6709-48FA-9E13-077C95203889}.Release|x64.Deploy.0 = Release|Any CPU
		{B894EC0C-6709-48FA-9E13-077C95203889}.Release|x86.ActiveCfg = Release|Any CPU
		{B894EC0C-6709-48FA-9E13-077C95203889}.Release|x86.Build.0 = Release|Any CPU
		{B894EC0C-6709-48FA-9E13-077C95203889}.Release|x86.Deploy.0 = Release|Any CPU
		{3E116D13-A073-49FC-87B9-4BB566DFAAFD}.Ad-Hoc|Any CPU.ActiveCfg = Ad-Hoc|iPhone
		{3E116D13-A073-49FC-87B9-4BB566DFAAFD}.Ad-Hoc|ARM.ActiveCfg = Ad-Hoc|iPhone
		{3E116D13-A073-49FC-87B9-4BB566DFAAFD}.Ad-Hoc|iPhone.ActiveCfg = Ad-Hoc|iPhone
		{3E116D13-A073-49FC-87B9-4BB566DFAAFD}.Ad-Hoc|iPhone.Build.0 = Ad-Hoc|iPhone
		{3E116D13-A073-49FC-87B9-4BB566DFAAFD}.Ad-Hoc|iPhoneSimulator.ActiveCfg = Ad-Hoc|iPhoneSimulator
		{3E116D13-A073-49FC-87B9-4BB566DFAAFD}.Ad-Hoc|iPhoneSimulator.Build.0 = Ad-Hoc|iPhoneSimulator
		{3E116D13-A073-49FC-87B9-4BB566DFAAFD}.Ad-Hoc|x64.ActiveCfg = Ad-Hoc|iPhone
		{3E116D13-A073-49FC-87B9-4BB566DFAAFD}.Ad-Hoc|x86.ActiveCfg = Ad-Hoc|iPhone
		{3E116D13-A073-49FC-87B9-4BB566DFAAFD}.AppStore|Any CPU.ActiveCfg = AppStore|iPhone
		{3E116D13-A073-49FC-87B9-4BB566DFAAFD}.AppStore|ARM.ActiveCfg = AppStore|iPhone
		{3E116D13-A073-49FC-87B9-4BB566DFAAFD}.AppStore|iPhone.ActiveCfg = AppStore|iPhone
		{3E116D13-A073-49FC-87B9-4BB566DFAAFD}.AppStore|iPhone.Build.0 = AppStore|iPhone
		{3E116D13-A073-49FC-87B9-4BB566DFAAFD}.AppStore|iPhoneSimulator.ActiveCfg = AppStore|iPhoneSimulator
		{3E116D13-A073-49FC-87B9-4BB566DFAAFD}.AppStore|iPhoneSimulator.Build.0 = AppStore|iPhoneSimulator
		{3E116D13-A073-49FC-87B9-4BB566DFAAFD}.AppStore|x64.ActiveCfg = AppStore|iPhone
		{3E116D13-A073-49FC-87B9-4BB566DFAAFD}.AppStore|x86.ActiveCfg = AppStore|iPhone
		{3E116D13-A073-49FC-87B9-4BB566DFAAFD}.Debug|Any CPU.ActiveCfg = Debug|iPhone
		{3E116D13-A073-49FC-87B9-4BB566DFAAFD}.Debug|ARM.ActiveCfg = Debug|iPhone
		{3E116D13-A073-49FC-87B9-4BB566DFAAFD}.Debug|iPhone.ActiveCfg = Debug|iPhone
		{3E116D13-A073-49FC-87B9-4BB566DFAAFD}.Debug|iPhone.Build.0 = Debug|iPhone
		{3E116D13-A073-49FC-87B9-4BB566DFAAFD}.Debug|iPhoneSimulator.ActiveCfg = Debug|iPhoneSimulator
		{3E116D13-A073-49FC-87B9-4BB566DFAAFD}.Debug|iPhoneSimulator.Build.0 = Debug|iPhoneSimulator
		{3E116D13-A073-49FC-87B9-4BB566DFAAFD}.Debug|x64.ActiveCfg = Debug|iPhone
		{3E116D13-A073-49FC-87B9-4BB566DFAAFD}.Debug|x86.ActiveCfg = Debug|iPhone
		{3E116D13-A073-49FC-87B9-4BB566DFAAFD}.Release|Any CPU.ActiveCfg = Release|iPhone
		{3E116D13-A073-49FC-87B9-4BB566DFAAFD}.Release|ARM.ActiveCfg = Release|iPhone
		{3E116D13-A073-49FC-87B9-4BB566DFAAFD}.Release|iPhone.ActiveCfg = Release|iPhone
		{3E116D13-A073-49FC-87B9-4BB566DFAAFD}.Release|iPhone.Build.0 = Release|iPhone
		{3E116D13-A073-49FC-87B9-4BB566DFAAFD}.Release|iPhoneSimulator.ActiveCfg = Release|iPhoneSimulator
		{3E116D13-A073-49FC-87B9-4BB566DFAAFD}.Release|iPhoneSimulator.Build.0 = Release|iPhoneSimulator
		{3E116D13-A073-49FC-87B9-4BB566DFAAFD}.Release|x64.ActiveCfg = Release|iPhone
		{3E116D13-A073-49FC-87B9-4BB566DFAAFD}.Release|x86.ActiveCfg = Release|iPhone
		{942F83FA-F231-4E25-AF39-7249B206EF32}.Ad-Hoc|Any CPU.ActiveCfg = Release|Any CPU
		{942F83FA-F231-4E25-AF39-7249B206EF32}.Ad-Hoc|Any CPU.Build.0 = Release|Any CPU
		{942F83FA-F231-4E25-AF39-7249B206EF32}.Ad-Hoc|Any CPU.Deploy.0 = Release|Any CPU
		{942F83FA-F231-4E25-AF39-7249B206EF32}.Ad-Hoc|ARM.ActiveCfg = Release|ARM
		{942F83FA-F231-4E25-AF39-7249B206EF32}.Ad-Hoc|ARM.Build.0 = Release|ARM
		{942F83FA-F231-4E25-AF39-7249B206EF32}.Ad-Hoc|ARM.Deploy.0 = Release|ARM
		{942F83FA-F231-4E25-AF39-7249B206EF32}.Ad-Hoc|iPhone.ActiveCfg = Release|Any CPU
		{942F83FA-F231-4E25-AF39-7249B206EF32}.Ad-Hoc|iPhone.Build.0 = Release|Any CPU
		{942F83FA-F231-4E25-AF39-7249B206EF32}.Ad-Hoc|iPhone.Deploy.0 = Release|Any CPU
		{942F83FA-F231-4E25-AF39-7249B206EF32}.Ad-Hoc|iPhoneSimulator.ActiveCfg = Release|Any CPU
		{942F83FA-F231-4E25-AF39-7249B206EF32}.Ad-Hoc|iPhoneSimulator.Build.0 = Release|Any CPU
		{942F83FA-F231-4E25-AF39-7249B206EF32}.Ad-Hoc|iPhoneSimulator.Deploy.0 = Release|Any CPU
		{942F83FA-F231-4E25-AF39-7249B206EF32}.Ad-Hoc|x64.ActiveCfg = Release|Any CPU
		{942F83FA-F231-4E25-AF39-7249B206EF32}.Ad-Hoc|x64.Build.0 = Release|Any CPU
		{942F83FA-F231-4E25-AF39-7249B206EF32}.Ad-Hoc|x64.Deploy.0 = Release|Any CPU
		{942F83FA-F231-4E25-AF39-7249B206EF32}.Ad-Hoc|x86.ActiveCfg = Release|x86
		{942F83FA-F231-4E25-AF39-7249B206EF32}.Ad-Hoc|x86.Build.0 = Release|x86
		{942F83FA-F231-4E25-AF39-7249B206EF32}.Ad-Hoc|x86.Deploy.0 = Release|x86
		{942F83FA-F231-4E25-AF39-7249B206EF32}.AppStore|Any CPU.ActiveCfg = Release|Any CPU
		{942F83FA-F231-4E25-AF39-7249B206EF32}.AppStore|Any CPU.Build.0 = Release|Any CPU
		{942F83FA-F231-4E25-AF39-7249B206EF32}.AppStore|Any CPU.Deploy.0 = Release|Any CPU
		{942F83FA-F231-4E25-AF39-7249B206EF32}.AppStore|ARM.ActiveCfg = Release|ARM
		{942F83FA-F231-4E25-AF39-7249B206EF32}.AppStore|ARM.Build.0 = Release|ARM
		{942F83FA-F231-4E25-AF39-7249B206EF32}.AppStore|ARM.Deploy.0 = Release|ARM
		{942F83FA-F231-4E25-AF39-7249B206EF32}.AppStore|iPhone.ActiveCfg = Release|Any CPU
		{942F83FA-F231-4E25-AF39-7249B206EF32}.AppStore|iPhone.Build.0 = Release|Any CPU
		{942F83FA-F231-4E25-AF39-7249B206EF32}.AppStore|iPhone.Deploy.0 = Release|Any CPU
		{942F83FA-F231-4E25-AF39-7249B206EF32}.AppStore|iPhoneSimulator.ActiveCfg = Release|Any CPU
		{942F83FA-F231-4E25-AF39-7249B206EF32}.AppStore|iPhoneSimulator.Build.0 = Release|Any CPU
		{942F83FA-F231-4E25-AF39-7249B206EF32}.AppStore|iPhoneSimulator.Deploy.0 = Release|Any CPU
		{942F83FA-F231-4E25-AF39-7249B206EF32}.AppStore|x64.ActiveCfg = Release|Any CPU
		{942F83FA-F231-4E25-AF39-7249B206EF32}.AppStore|x64.Build.0 = Release|Any CPU
		{942F83FA-F231-4E25-AF39-7249B206EF32}.AppStore|x64.Deploy.0 = Release|Any CPU
		{942F83FA-F231-4E25-AF39-7249B206EF32}.AppStore|x86.ActiveCfg = Release|x86
		{942F83FA-F231-4E25-AF39-7249B206EF32}.AppStore|x86.Build.0 = Release|x86
		{942F83FA-F231-4E25-AF39-7249B206EF32}.AppStore|x86.Deploy.0 = Release|x86
		{942F83FA-F231-4E25-AF39-7249B206EF32}.Debug|Any CPU.ActiveCfg = Debug|Any CPU
		{942F83FA-F231-4E25-AF39-7249B206EF32}.Debug|Any CPU.Build.0 = Debug|Any CPU
		{942F83FA-F231-4E25-AF39-7249B206EF32}.Debug|Any CPU.Deploy.0 = Debug|Any CPU
		{942F83FA-F231-4E25-AF39-7249B206EF32}.Debug|ARM.ActiveCfg = Debug|ARM
		{942F83FA-F231-4E25-AF39-7249B206EF32}.Debug|ARM.Build.0 = Debug|ARM
		{942F83FA-F231-4E25-AF39-7249B206EF32}.Debug|ARM.Deploy.0 = Debug|ARM
		{942F83FA-F231-4E25-AF39-7249B206EF32}.Debug|iPhone.ActiveCfg = Debug|Any CPU
		{942F83FA-F231-4E25-AF39-7249B206EF32}.Debug|iPhone.Build.0 = Debug|Any CPU
		{942F83FA-F231-4E25-AF39-7249B206EF32}.Debug|iPhone.Deploy.0 = Debug|Any CPU
		{942F83FA-F231-4E25-AF39-7249B206EF32}.Debug|iPhoneSimulator.ActiveCfg = Debug|Any CPU
		{942F83FA-F231-4E25-AF39-7249B206EF32}.Debug|iPhoneSimulator.Build.0 = Debug|Any CPU
		{942F83FA-F231-4E25-AF39-7249B206EF32}.Debug|iPhoneSimulator.Deploy.0 = Debug|Any CPU
		{942F83FA-F231-4E25-AF39-7249B206EF32}.Debug|x64.ActiveCfg = Debug|Any CPU
		{942F83FA-F231-4E25-AF39-7249B206EF32}.Debug|x64.Build.0 = Debug|Any CPU
		{942F83FA-F231-4E25-AF39-7249B206EF32}.Debug|x64.Deploy.0 = Debug|Any CPU
		{942F83FA-F231-4E25-AF39-7249B206EF32}.Debug|x86.ActiveCfg = Debug|x86
		{942F83FA-F231-4E25-AF39-7249B206EF32}.Debug|x86.Build.0 = Debug|x86
		{942F83FA-F231-4E25-AF39-7249B206EF32}.Debug|x86.Deploy.0 = Debug|x86
		{942F83FA-F231-4E25-AF39-7249B206EF32}.Release|Any CPU.ActiveCfg = Release|Any CPU
		{942F83FA-F231-4E25-AF39-7249B206EF32}.Release|Any CPU.Build.0 = Release|Any CPU
		{942F83FA-F231-4E25-AF39-7249B206EF32}.Release|Any CPU.Deploy.0 = Release|Any CPU
		{942F83FA-F231-4E25-AF39-7249B206EF32}.Release|ARM.ActiveCfg = Release|ARM
		{942F83FA-F231-4E25-AF39-7249B206EF32}.Release|ARM.Build.0 = Release|ARM
		{942F83FA-F231-4E25-AF39-7249B206EF32}.Release|ARM.Deploy.0 = Release|ARM
		{942F83FA-F231-4E25-AF39-7249B206EF32}.Release|iPhone.ActiveCfg = Release|Any CPU
		{942F83FA-F231-4E25-AF39-7249B206EF32}.Release|iPhone.Build.0 = Release|Any CPU
		{942F83FA-F231-4E25-AF39-7249B206EF32}.Release|iPhone.Deploy.0 = Release|Any CPU
		{942F83FA-F231-4E25-AF39-7249B206EF32}.Release|iPhoneSimulator.ActiveCfg = Release|Any CPU
		{942F83FA-F231-4E25-AF39-7249B206EF32}.Release|iPhoneSimulator.Build.0 = Release|Any CPU
		{942F83FA-F231-4E25-AF39-7249B206EF32}.Release|iPhoneSimulator.Deploy.0 = Release|Any CPU
		{942F83FA-F231-4E25-AF39-7249B206EF32}.Release|x64.ActiveCfg = Release|Any CPU
		{942F83FA-F231-4E25-AF39-7249B206EF32}.Release|x64.Build.0 = Release|Any CPU
		{942F83FA-F231-4E25-AF39-7249B206EF32}.Release|x64.Deploy.0 = Release|Any CPU
		{942F83FA-F231-4E25-AF39-7249B206EF32}.Release|x86.ActiveCfg = Release|x86
		{942F83FA-F231-4E25-AF39-7249B206EF32}.Release|x86.Build.0 = Release|x86
		{942F83FA-F231-4E25-AF39-7249B206EF32}.Release|x86.Deploy.0 = Release|x86
		{7C89F5C1-F2C0-452E-A112-9FFC41AC949F}.Ad-Hoc|Any CPU.ActiveCfg = Release|x86
		{7C89F5C1-F2C0-452E-A112-9FFC41AC949F}.Ad-Hoc|Any CPU.Build.0 = Release|x86
		{7C89F5C1-F2C0-452E-A112-9FFC41AC949F}.Ad-Hoc|Any CPU.Deploy.0 = Release|x86
		{7C89F5C1-F2C0-452E-A112-9FFC41AC949F}.Ad-Hoc|ARM.ActiveCfg = Release|ARM
		{7C89F5C1-F2C0-452E-A112-9FFC41AC949F}.Ad-Hoc|ARM.Build.0 = Release|ARM
		{7C89F5C1-F2C0-452E-A112-9FFC41AC949F}.Ad-Hoc|ARM.Deploy.0 = Release|ARM
		{7C89F5C1-F2C0-452E-A112-9FFC41AC949F}.Ad-Hoc|iPhone.ActiveCfg = Release|x86
		{7C89F5C1-F2C0-452E-A112-9FFC41AC949F}.Ad-Hoc|iPhone.Build.0 = Release|x86
		{7C89F5C1-F2C0-452E-A112-9FFC41AC949F}.Ad-Hoc|iPhone.Deploy.0 = Release|x86
		{7C89F5C1-F2C0-452E-A112-9FFC41AC949F}.Ad-Hoc|iPhoneSimulator.ActiveCfg = Release|x86
		{7C89F5C1-F2C0-452E-A112-9FFC41AC949F}.Ad-Hoc|iPhoneSimulator.Build.0 = Release|x86
		{7C89F5C1-F2C0-452E-A112-9FFC41AC949F}.Ad-Hoc|iPhoneSimulator.Deploy.0 = Release|x86
		{7C89F5C1-F2C0-452E-A112-9FFC41AC949F}.Ad-Hoc|x64.ActiveCfg = Release|x64
		{7C89F5C1-F2C0-452E-A112-9FFC41AC949F}.Ad-Hoc|x64.Build.0 = Release|x64
		{7C89F5C1-F2C0-452E-A112-9FFC41AC949F}.Ad-Hoc|x64.Deploy.0 = Release|x64
		{7C89F5C1-F2C0-452E-A112-9FFC41AC949F}.Ad-Hoc|x86.ActiveCfg = Release|x86
		{7C89F5C1-F2C0-452E-A112-9FFC41AC949F}.Ad-Hoc|x86.Build.0 = Release|x86
		{7C89F5C1-F2C0-452E-A112-9FFC41AC949F}.Ad-Hoc|x86.Deploy.0 = Release|x86
		{7C89F5C1-F2C0-452E-A112-9FFC41AC949F}.AppStore|Any CPU.ActiveCfg = Release|x86
		{7C89F5C1-F2C0-452E-A112-9FFC41AC949F}.AppStore|Any CPU.Build.0 = Release|x86
		{7C89F5C1-F2C0-452E-A112-9FFC41AC949F}.AppStore|Any CPU.Deploy.0 = Release|x86
		{7C89F5C1-F2C0-452E-A112-9FFC41AC949F}.AppStore|ARM.ActiveCfg = Release|ARM
		{7C89F5C1-F2C0-452E-A112-9FFC41AC949F}.AppStore|ARM.Build.0 = Release|ARM
		{7C89F5C1-F2C0-452E-A112-9FFC41AC949F}.AppStore|ARM.Deploy.0 = Release|ARM
		{7C89F5C1-F2C0-452E-A112-9FFC41AC949F}.AppStore|iPhone.ActiveCfg = Release|x86
		{7C89F5C1-F2C0-452E-A112-9FFC41AC949F}.AppStore|iPhone.Build.0 = Release|x86
		{7C89F5C1-F2C0-452E-A112-9FFC41AC949F}.AppStore|iPhone.Deploy.0 = Release|x86
		{7C89F5C1-F2C0-452E-A112-9FFC41AC949F}.AppStore|iPhoneSimulator.ActiveCfg = Release|x86
		{7C89F5C1-F2C0-452E-A112-9FFC41AC949F}.AppStore|iPhoneSimulator.Build.0 = Release|x86
		{7C89F5C1-F2C0-452E-A112-9FFC41AC949F}.AppStore|iPhoneSimulator.Deploy.0 = Release|x86
		{7C89F5C1-F2C0-452E-A112-9FFC41AC949F}.AppStore|x64.ActiveCfg = Release|x64
		{7C89F5C1-F2C0-452E-A112-9FFC41AC949F}.AppStore|x64.Build.0 = Release|x64
		{7C89F5C1-F2C0-452E-A112-9FFC41AC949F}.AppStore|x64.Deploy.0 = Release|x64
		{7C89F5C1-F2C0-452E-A112-9FFC41AC949F}.AppStore|x86.ActiveCfg = Release|x86
		{7C89F5C1-F2C0-452E-A112-9FFC41AC949F}.AppStore|x86.Build.0 = Release|x86
		{7C89F5C1-F2C0-452E-A112-9FFC41AC949F}.AppStore|x86.Deploy.0 = Release|x86
		{7C89F5C1-F2C0-452E-A112-9FFC41AC949F}.Debug|Any CPU.ActiveCfg = Debug|x86
		{7C89F5C1-F2C0-452E-A112-9FFC41AC949F}.Debug|ARM.ActiveCfg = Debug|ARM
		{7C89F5C1-F2C0-452E-A112-9FFC41AC949F}.Debug|ARM.Build.0 = Debug|ARM
		{7C89F5C1-F2C0-452E-A112-9FFC41AC949F}.Debug|ARM.Deploy.0 = Debug|ARM
		{7C89F5C1-F2C0-452E-A112-9FFC41AC949F}.Debug|iPhone.ActiveCfg = Debug|x86
		{7C89F5C1-F2C0-452E-A112-9FFC41AC949F}.Debug|iPhoneSimulator.ActiveCfg = Debug|x86
		{7C89F5C1-F2C0-452E-A112-9FFC41AC949F}.Debug|x64.ActiveCfg = Debug|x64
		{7C89F5C1-F2C0-452E-A112-9FFC41AC949F}.Debug|x64.Build.0 = Debug|x64
		{7C89F5C1-F2C0-452E-A112-9FFC41AC949F}.Debug|x64.Deploy.0 = Debug|x64
		{7C89F5C1-F2C0-452E-A112-9FFC41AC949F}.Debug|x86.ActiveCfg = Debug|x86
		{7C89F5C1-F2C0-452E-A112-9FFC41AC949F}.Debug|x86.Build.0 = Debug|x86
		{7C89F5C1-F2C0-452E-A112-9FFC41AC949F}.Debug|x86.Deploy.0 = Debug|x86
		{7C89F5C1-F2C0-452E-A112-9FFC41AC949F}.Release|Any CPU.ActiveCfg = Release|x86
		{7C89F5C1-F2C0-452E-A112-9FFC41AC949F}.Release|ARM.ActiveCfg = Release|ARM
		{7C89F5C1-F2C0-452E-A112-9FFC41AC949F}.Release|ARM.Build.0 = Release|ARM
		{7C89F5C1-F2C0-452E-A112-9FFC41AC949F}.Release|ARM.Deploy.0 = Release|ARM
		{7C89F5C1-F2C0-452E-A112-9FFC41AC949F}.Release|iPhone.ActiveCfg = Release|x86
		{7C89F5C1-F2C0-452E-A112-9FFC41AC949F}.Release|iPhoneSimulator.ActiveCfg = Release|x86
		{7C89F5C1-F2C0-452E-A112-9FFC41AC949F}.Release|x64.ActiveCfg = Release|x64
		{7C89F5C1-F2C0-452E-A112-9FFC41AC949F}.Release|x64.Build.0 = Release|x64
		{7C89F5C1-F2C0-452E-A112-9FFC41AC949F}.Release|x64.Deploy.0 = Release|x64
		{7C89F5C1-F2C0-452E-A112-9FFC41AC949F}.Release|x86.ActiveCfg = Release|x86
		{7C89F5C1-F2C0-452E-A112-9FFC41AC949F}.Release|x86.Build.0 = Release|x86
		{7C89F5C1-F2C0-452E-A112-9FFC41AC949F}.Release|x86.Deploy.0 = Release|x86
		{2D001ABC-B502-4426-BFCD-7BC930DC9FD1}.Ad-Hoc|Any CPU.ActiveCfg = Release|Any CPU
		{2D001ABC-B502-4426-BFCD-7BC930DC9FD1}.Ad-Hoc|Any CPU.Build.0 = Release|Any CPU
		{2D001ABC-B502-4426-BFCD-7BC930DC9FD1}.Ad-Hoc|Any CPU.Deploy.0 = Release|Any CPU
		{2D001ABC-B502-4426-BFCD-7BC930DC9FD1}.Ad-Hoc|ARM.ActiveCfg = Release|ARM
		{2D001ABC-B502-4426-BFCD-7BC930DC9FD1}.Ad-Hoc|ARM.Build.0 = Release|ARM
		{2D001ABC-B502-4426-BFCD-7BC930DC9FD1}.Ad-Hoc|ARM.Deploy.0 = Release|ARM
		{2D001ABC-B502-4426-BFCD-7BC930DC9FD1}.Ad-Hoc|iPhone.ActiveCfg = Release|Any CPU
		{2D001ABC-B502-4426-BFCD-7BC930DC9FD1}.Ad-Hoc|iPhone.Build.0 = Release|Any CPU
		{2D001ABC-B502-4426-BFCD-7BC930DC9FD1}.Ad-Hoc|iPhone.Deploy.0 = Release|Any CPU
		{2D001ABC-B502-4426-BFCD-7BC930DC9FD1}.Ad-Hoc|iPhoneSimulator.ActiveCfg = Release|Any CPU
		{2D001ABC-B502-4426-BFCD-7BC930DC9FD1}.Ad-Hoc|iPhoneSimulator.Build.0 = Release|Any CPU
		{2D001ABC-B502-4426-BFCD-7BC930DC9FD1}.Ad-Hoc|iPhoneSimulator.Deploy.0 = Release|Any CPU
		{2D001ABC-B502-4426-BFCD-7BC930DC9FD1}.Ad-Hoc|x64.ActiveCfg = Release|x64
		{2D001ABC-B502-4426-BFCD-7BC930DC9FD1}.Ad-Hoc|x64.Build.0 = Release|x64
		{2D001ABC-B502-4426-BFCD-7BC930DC9FD1}.Ad-Hoc|x64.Deploy.0 = Release|x64
		{2D001ABC-B502-4426-BFCD-7BC930DC9FD1}.Ad-Hoc|x86.ActiveCfg = Release|x86
		{2D001ABC-B502-4426-BFCD-7BC930DC9FD1}.Ad-Hoc|x86.Build.0 = Release|x86
		{2D001ABC-B502-4426-BFCD-7BC930DC9FD1}.Ad-Hoc|x86.Deploy.0 = Release|x86
		{2D001ABC-B502-4426-BFCD-7BC930DC9FD1}.AppStore|Any CPU.ActiveCfg = Release|Any CPU
		{2D001ABC-B502-4426-BFCD-7BC930DC9FD1}.AppStore|Any CPU.Build.0 = Release|Any CPU
		{2D001ABC-B502-4426-BFCD-7BC930DC9FD1}.AppStore|Any CPU.Deploy.0 = Release|Any CPU
		{2D001ABC-B502-4426-BFCD-7BC930DC9FD1}.AppStore|ARM.ActiveCfg = Release|ARM
		{2D001ABC-B502-4426-BFCD-7BC930DC9FD1}.AppStore|ARM.Build.0 = Release|ARM
		{2D001ABC-B502-4426-BFCD-7BC930DC9FD1}.AppStore|ARM.Deploy.0 = Release|ARM
		{2D001ABC-B502-4426-BFCD-7BC930DC9FD1}.AppStore|iPhone.ActiveCfg = Release|Any CPU
		{2D001ABC-B502-4426-BFCD-7BC930DC9FD1}.AppStore|iPhone.Build.0 = Release|Any CPU
		{2D001ABC-B502-4426-BFCD-7BC930DC9FD1}.AppStore|iPhone.Deploy.0 = Release|Any CPU
		{2D001ABC-B502-4426-BFCD-7BC930DC9FD1}.AppStore|iPhoneSimulator.ActiveCfg = Release|Any CPU
		{2D001ABC-B502-4426-BFCD-7BC930DC9FD1}.AppStore|iPhoneSimulator.Build.0 = Release|Any CPU
		{2D001ABC-B502-4426-BFCD-7BC930DC9FD1}.AppStore|iPhoneSimulator.Deploy.0 = Release|Any CPU
		{2D001ABC-B502-4426-BFCD-7BC930DC9FD1}.AppStore|x64.ActiveCfg = Release|x64
		{2D001ABC-B502-4426-BFCD-7BC930DC9FD1}.AppStore|x64.Build.0 = Release|x64
		{2D001ABC-B502-4426-BFCD-7BC930DC9FD1}.AppStore|x64.Deploy.0 = Release|x64
		{2D001ABC-B502-4426-BFCD-7BC930DC9FD1}.AppStore|x86.ActiveCfg = Release|x86
		{2D001ABC-B502-4426-BFCD-7BC930DC9FD1}.AppStore|x86.Build.0 = Release|x86
		{2D001ABC-B502-4426-BFCD-7BC930DC9FD1}.AppStore|x86.Deploy.0 = Release|x86
		{2D001ABC-B502-4426-BFCD-7BC930DC9FD1}.Debug|Any CPU.ActiveCfg = Debug|Any CPU
		{2D001ABC-B502-4426-BFCD-7BC930DC9FD1}.Debug|Any CPU.Build.0 = Debug|Any CPU
		{2D001ABC-B502-4426-BFCD-7BC930DC9FD1}.Debug|Any CPU.Deploy.0 = Debug|Any CPU
		{2D001ABC-B502-4426-BFCD-7BC930DC9FD1}.Debug|ARM.ActiveCfg = Debug|ARM
		{2D001ABC-B502-4426-BFCD-7BC930DC9FD1}.Debug|ARM.Build.0 = Debug|ARM
		{2D001ABC-B502-4426-BFCD-7BC930DC9FD1}.Debug|ARM.Deploy.0 = Debug|ARM
		{2D001ABC-B502-4426-BFCD-7BC930DC9FD1}.Debug|iPhone.ActiveCfg = Debug|Any CPU
		{2D001ABC-B502-4426-BFCD-7BC930DC9FD1}.Debug|iPhone.Build.0 = Debug|Any CPU
		{2D001ABC-B502-4426-BFCD-7BC930DC9FD1}.Debug|iPhone.Deploy.0 = Debug|Any CPU
		{2D001ABC-B502-4426-BFCD-7BC930DC9FD1}.Debug|iPhoneSimulator.ActiveCfg = Debug|Any CPU
		{2D001ABC-B502-4426-BFCD-7BC930DC9FD1}.Debug|iPhoneSimulator.Build.0 = Debug|Any CPU
		{2D001ABC-B502-4426-BFCD-7BC930DC9FD1}.Debug|iPhoneSimulator.Deploy.0 = Debug|Any CPU
		{2D001ABC-B502-4426-BFCD-7BC930DC9FD1}.Debug|x64.ActiveCfg = Debug|x64
		{2D001ABC-B502-4426-BFCD-7BC930DC9FD1}.Debug|x64.Build.0 = Debug|x64
		{2D001ABC-B502-4426-BFCD-7BC930DC9FD1}.Debug|x64.Deploy.0 = Debug|x64
		{2D001ABC-B502-4426-BFCD-7BC930DC9FD1}.Debug|x86.ActiveCfg = Debug|x86
		{2D001ABC-B502-4426-BFCD-7BC930DC9FD1}.Debug|x86.Build.0 = Debug|x86
		{2D001ABC-B502-4426-BFCD-7BC930DC9FD1}.Debug|x86.Deploy.0 = Debug|x86
		{2D001ABC-B502-4426-BFCD-7BC930DC9FD1}.Release|Any CPU.ActiveCfg = Release|Any CPU
		{2D001ABC-B502-4426-BFCD-7BC930DC9FD1}.Release|Any CPU.Build.0 = Release|Any CPU
		{2D001ABC-B502-4426-BFCD-7BC930DC9FD1}.Release|Any CPU.Deploy.0 = Release|Any CPU
		{2D001ABC-B502-4426-BFCD-7BC930DC9FD1}.Release|ARM.ActiveCfg = Release|ARM
		{2D001ABC-B502-4426-BFCD-7BC930DC9FD1}.Release|ARM.Build.0 = Release|ARM
		{2D001ABC-B502-4426-BFCD-7BC930DC9FD1}.Release|ARM.Deploy.0 = Release|ARM
		{2D001ABC-B502-4426-BFCD-7BC930DC9FD1}.Release|iPhone.ActiveCfg = Release|Any CPU
		{2D001ABC-B502-4426-BFCD-7BC930DC9FD1}.Release|iPhone.Build.0 = Release|Any CPU
		{2D001ABC-B502-4426-BFCD-7BC930DC9FD1}.Release|iPhone.Deploy.0 = Release|Any CPU
		{2D001ABC-B502-4426-BFCD-7BC930DC9FD1}.Release|iPhoneSimulator.ActiveCfg = Release|Any CPU
		{2D001ABC-B502-4426-BFCD-7BC930DC9FD1}.Release|iPhoneSimulator.Build.0 = Release|Any CPU
		{2D001ABC-B502-4426-BFCD-7BC930DC9FD1}.Release|iPhoneSimulator.Deploy.0 = Release|Any CPU
		{2D001ABC-B502-4426-BFCD-7BC930DC9FD1}.Release|x64.ActiveCfg = Release|x64
		{2D001ABC-B502-4426-BFCD-7BC930DC9FD1}.Release|x64.Build.0 = Release|x64
		{2D001ABC-B502-4426-BFCD-7BC930DC9FD1}.Release|x64.Deploy.0 = Release|x64
		{2D001ABC-B502-4426-BFCD-7BC930DC9FD1}.Release|x86.ActiveCfg = Release|x86
		{2D001ABC-B502-4426-BFCD-7BC930DC9FD1}.Release|x86.Build.0 = Release|x86
		{2D001ABC-B502-4426-BFCD-7BC930DC9FD1}.Release|x86.Deploy.0 = Release|x86
	EndGlobalSection
	GlobalSection(SolutionProperties) = preSolution
		HideSolutionNode = FALSE
	EndGlobalSection
EndGlobal
